
Microsoft Visual Studio Solution File, Format Version 12.00
# Visual Studio 14
VisualStudioVersion = 14.0.25123.0
MinimumVisualStudioVersion = 10.0.40219.1
Project("{8BC9CEB8-8B4A-11D0-8D11-00A0C91BC942}") = "Tangram", "Tangram\Tangram.vcxproj", "{1FE0A9AB-CE78-4109-94FC-25806D373846}"
EndProject
Project("{8BC9CEB8-8B4A-11D0-8D11-00A0C91BC942}") = "TangramCLR", "TangramCLR\TangramCLR.vcxproj", "{7B3BE494-B1AE-4341-9D85-2B2399AB3103}"
	ProjectSection(ProjectDependencies) = postProject
		{1FE0A9AB-CE78-4109-94FC-25806D373846} = {1FE0A9AB-CE78-4109-94FC-25806D373846}
	EndProjectSection
EndProject
Project("{FAE04EC0-301F-11D3-BF4B-00C04F79EFBC}") = "TangramDotNetLib", "TangramDotNetLib\TangramDotNetLib.csproj", "{BF6C931C-45B4-408D-AA06-2B7CFED07E7F}"
	ProjectSection(ProjectDependencies) = postProject
		{7B3BE494-B1AE-4341-9D85-2B2399AB3103} = {7B3BE494-B1AE-4341-9D85-2B2399AB3103}
	EndProjectSection
EndProject
Project("{8BC9CEB8-8B4A-11D0-8D11-00A0C91BC942}") = "TangramExTabWnd", "TangramExcelTabWnd\TangramExcelTabWnd.vcxproj", "{3AC7B746-F6D4-4F9A-ABEC-5EF6211EA566}"
	ProjectSection(ProjectDependencies) = postProject
		{1FE0A9AB-CE78-4109-94FC-25806D373846} = {1FE0A9AB-CE78-4109-94FC-25806D373846}
	EndProjectSection
EndProject
Project("{8BC9CEB8-8B4A-11D0-8D11-00A0C91BC942}") = "TangramTabCtrl", "TangramTabCtrl\TangramTabCtrl.vcxproj", "{432EE287-D9BA-489C-A26A-09A9F896F61E}"
	ProjectSection(ProjectDependencies) = postProject
		{1FE0A9AB-CE78-4109-94FC-25806D373846} = {1FE0A9AB-CE78-4109-94FC-25806D373846}
	EndProjectSection
EndProject
Project("{2150E333-8FDC-42A3-9474-1A3956D46DE8}") = "Lib", "Lib", "{600E798E-1652-4B74-8388-BE09A0DFC607}"
EndProject
Project("{2150E333-8FDC-42A3-9474-1A3956D46DE8}") = "Components", "Components", "{05601417-1470-433B-82DD-EAEED32D58DC}"
EndProject
Project("{8BC9CEB8-8B4A-11D0-8D11-00A0C91BC942}") = "TangramView", "TangramView\TangramView.vcxproj", "{2233FFB4-B6D6-43BF-BD73-79B4350872F8}"
	ProjectSection(ProjectDependencies) = postProject
		{1FE0A9AB-CE78-4109-94FC-25806D373846} = {1FE0A9AB-CE78-4109-94FC-25806D373846}
	EndProjectSection
EndProject
Project("{8BC9CEB8-8B4A-11D0-8D11-00A0C91BC942}") = "TangramPackage", "TangramPackage\TangramPackage.vcxproj", "{E027C65B-A2C7-4262-8711-38CD6ED0C648}"
	ProjectSection(ProjectDependencies) = postProject
		{B7C03B40-80C8-45BD-8190-E14E0534E74F} = {B7C03B40-80C8-45BD-8190-E14E0534E74F}
	EndProjectSection
EndProject
Project("{8BC9CEB8-8B4A-11D0-8D11-00A0C91BC942}") = "TangramPackageUI", "TangramPackageUi\TangramPackageUi.vcxproj", "{B7C03B40-80C8-45BD-8190-E14E0534E74F}"
EndProject
Project("{FAE04EC0-301F-11D3-BF4B-00C04F79EFBC}") = "TangramPackageVSIX", "TangramPackage\TangramPackageVSIX\TangramPackageVSIX.csproj", "{03AED94E-DBCD-49ED-8A26-7DF0BE28B977}"
	ProjectSection(ProjectDependencies) = postProject
		{BF6C931C-45B4-408D-AA06-2B7CFED07E7F} = {BF6C931C-45B4-408D-AA06-2B7CFED07E7F}
		{3AC7B746-F6D4-4F9A-ABEC-5EF6211EA566} = {3AC7B746-F6D4-4F9A-ABEC-5EF6211EA566}
		{432EE287-D9BA-489C-A26A-09A9F896F61E} = {432EE287-D9BA-489C-A26A-09A9F896F61E}
		{7B3BE494-B1AE-4341-9D85-2B2399AB3103} = {7B3BE494-B1AE-4341-9D85-2B2399AB3103}
		{1FE0A9AB-CE78-4109-94FC-25806D373846} = {1FE0A9AB-CE78-4109-94FC-25806D373846}
		{2233FFB4-B6D6-43BF-BD73-79B4350872F8} = {2233FFB4-B6D6-43BF-BD73-79B4350872F8}
	EndProjectSection
EndProject
Project("{2150E333-8FDC-42A3-9474-1A3956D46DE8}") = "VSIntegration", "VSIntegration", "{F2DD7C2A-1062-4A06-8A1D-55CCFB96C19B}"
EndProject
Project("{8BC9CEB8-8B4A-11D0-8D11-00A0C91BC942}") = "StartupPage", "StartupPage\StartupPage.vcxproj", "{617C11FD-E9AA-424A-BD07-6115A08215CA}"
EndProject
Project("{8BC9CEB8-8B4A-11D0-8D11-00A0C91BC942}") = "TangramEclipse", "TangramEclipse\TangramEclipse.vcxproj", "{7842C5A6-9429-4ADE-B3F5-116841F8CDB8}"
EndProject
Project("{8BC9CEB8-8B4A-11D0-8D11-00A0C91BC942}") = "EclipseHost", "EclipseHost\EclipseHost.vcxproj", "{6C42DE54-478B-4AEC-AD17-56A1EBBC4399}"
EndProject
Global
	GlobalSection(SolutionConfigurationPlatforms) = preSolution
		Debug|Any CPU = Debug|Any CPU
		Debug|ARM = Debug|ARM
		Debug|Mixed Platforms = Debug|Mixed Platforms
		Debug|Win32 = Debug|Win32
		Debug|x64 = Debug|x64
		Debug|x86 = Debug|x86
		Release|Any CPU = Release|Any CPU
		Release|ARM = Release|ARM
		Release|Mixed Platforms = Release|Mixed Platforms
		Release|Win32 = Release|Win32
		Release|x64 = Release|x64
		Release|x86 = Release|x86
		version_release|Any CPU = version_release|Any CPU
		version_release|ARM = version_release|ARM
		version_release|Mixed Platforms = version_release|Mixed Platforms
		version_release|Win32 = version_release|Win32
		version_release|x64 = version_release|x64
		version_release|x86 = version_release|x86
		ws2_32_release|Any CPU = ws2_32_release|Any CPU
		ws2_32_release|ARM = ws2_32_release|ARM
		ws2_32_release|Mixed Platforms = ws2_32_release|Mixed Platforms
		ws2_32_release|Win32 = ws2_32_release|Win32
		ws2_32_release|x64 = ws2_32_release|x64
		ws2_32_release|x86 = ws2_32_release|x86
		ws2help_release|Any CPU = ws2help_release|Any CPU
		ws2help_release|ARM = ws2help_release|ARM
		ws2help_release|Mixed Platforms = ws2help_release|Mixed Platforms
		ws2help_release|Win32 = ws2help_release|Win32
		ws2help_release|x64 = ws2help_release|x64
		ws2help_release|x86 = ws2help_release|x86
		x64|Any CPU = x64|Any CPU
		x64|ARM = x64|ARM
		x64|Mixed Platforms = x64|Mixed Platforms
		x64|Win32 = x64|Win32
		x64|x64 = x64|x64
		x64|x86 = x64|x86
	EndGlobalSection
	GlobalSection(ProjectConfigurationPlatforms) = postSolution
		{1FE0A9AB-CE78-4109-94FC-25806D373846}.Debug|Any CPU.ActiveCfg = Debug|Win32
		{1FE0A9AB-CE78-4109-94FC-25806D373846}.Debug|ARM.ActiveCfg = Debug|ARM
		{1FE0A9AB-CE78-4109-94FC-25806D373846}.Debug|Mixed Platforms.ActiveCfg = Debug|Win32
		{1FE0A9AB-CE78-4109-94FC-25806D373846}.Debug|Mixed Platforms.Build.0 = Debug|Win32
		{1FE0A9AB-CE78-4109-94FC-25806D373846}.Debug|Win32.ActiveCfg = Debug|Win32
		{1FE0A9AB-CE78-4109-94FC-25806D373846}.Debug|Win32.Build.0 = Debug|Win32
		{1FE0A9AB-CE78-4109-94FC-25806D373846}.Debug|x64.ActiveCfg = Debug|x64
		{1FE0A9AB-CE78-4109-94FC-25806D373846}.Debug|x64.Build.0 = Debug|x64
		{1FE0A9AB-CE78-4109-94FC-25806D373846}.Debug|x86.ActiveCfg = Debug|Win32
		{1FE0A9AB-CE78-4109-94FC-25806D373846}.Debug|x86.Build.0 = Debug|Win32
		{1FE0A9AB-CE78-4109-94FC-25806D373846}.Release|Any CPU.ActiveCfg = Release|Win32
		{1FE0A9AB-CE78-4109-94FC-25806D373846}.Release|ARM.ActiveCfg = Release|ARM
		{1FE0A9AB-CE78-4109-94FC-25806D373846}.Release|Mixed Platforms.ActiveCfg = Release|Win32
		{1FE0A9AB-CE78-4109-94FC-25806D373846}.Release|Mixed Platforms.Build.0 = Release|Win32
		{1FE0A9AB-CE78-4109-94FC-25806D373846}.Release|Win32.ActiveCfg = Release|Win32
		{1FE0A9AB-CE78-4109-94FC-25806D373846}.Release|Win32.Build.0 = Release|Win32
		{1FE0A9AB-CE78-4109-94FC-25806D373846}.Release|x64.ActiveCfg = Release|x64
		{1FE0A9AB-CE78-4109-94FC-25806D373846}.Release|x64.Build.0 = Release|x64
		{1FE0A9AB-CE78-4109-94FC-25806D373846}.Release|x86.ActiveCfg = Release|Win32
		{1FE0A9AB-CE78-4109-94FC-25806D373846}.Release|x86.Build.0 = Release|Win32
		{1FE0A9AB-CE78-4109-94FC-25806D373846}.version_release|Any CPU.ActiveCfg = Release|x64
		{1FE0A9AB-CE78-4109-94FC-25806D373846}.version_release|Any CPU.Build.0 = Release|x64
		{1FE0A9AB-CE78-4109-94FC-25806D373846}.version_release|ARM.ActiveCfg = Release|ARM
		{1FE0A9AB-CE78-4109-94FC-25806D373846}.version_release|ARM.Build.0 = Release|ARM
		{1FE0A9AB-CE78-4109-94FC-25806D373846}.version_release|Mixed Platforms.ActiveCfg = Release|Win32
		{1FE0A9AB-CE78-4109-94FC-25806D373846}.version_release|Mixed Platforms.Build.0 = Release|Win32
		{1FE0A9AB-CE78-4109-94FC-25806D373846}.version_release|Win32.ActiveCfg = Release|Win32
		{1FE0A9AB-CE78-4109-94FC-25806D373846}.version_release|Win32.Build.0 = Release|Win32
		{1FE0A9AB-CE78-4109-94FC-25806D373846}.version_release|x64.ActiveCfg = Release|x64
		{1FE0A9AB-CE78-4109-94FC-25806D373846}.version_release|x64.Build.0 = Release|x64
		{1FE0A9AB-CE78-4109-94FC-25806D373846}.version_release|x86.ActiveCfg = Release|Win32
		{1FE0A9AB-CE78-4109-94FC-25806D373846}.version_release|x86.Build.0 = Release|Win32
		{1FE0A9AB-CE78-4109-94FC-25806D373846}.ws2_32_release|Any CPU.ActiveCfg = Release|x64
		{1FE0A9AB-CE78-4109-94FC-25806D373846}.ws2_32_release|Any CPU.Build.0 = Release|x64
		{1FE0A9AB-CE78-4109-94FC-25806D373846}.ws2_32_release|ARM.ActiveCfg = Release|ARM
		{1FE0A9AB-CE78-4109-94FC-25806D373846}.ws2_32_release|ARM.Build.0 = Release|ARM
		{1FE0A9AB-CE78-4109-94FC-25806D373846}.ws2_32_release|Mixed Platforms.ActiveCfg = Release|Win32
		{1FE0A9AB-CE78-4109-94FC-25806D373846}.ws2_32_release|Mixed Platforms.Build.0 = Release|Win32
		{1FE0A9AB-CE78-4109-94FC-25806D373846}.ws2_32_release|Win32.ActiveCfg = Release|Win32
		{1FE0A9AB-CE78-4109-94FC-25806D373846}.ws2_32_release|Win32.Build.0 = Release|Win32
		{1FE0A9AB-CE78-4109-94FC-25806D373846}.ws2_32_release|x64.ActiveCfg = Release|x64
		{1FE0A9AB-CE78-4109-94FC-25806D373846}.ws2_32_release|x64.Build.0 = Release|x64
		{1FE0A9AB-CE78-4109-94FC-25806D373846}.ws2_32_release|x86.ActiveCfg = Release|Win32
		{1FE0A9AB-CE78-4109-94FC-25806D373846}.ws2_32_release|x86.Build.0 = Release|Win32
		{1FE0A9AB-CE78-4109-94FC-25806D373846}.ws2help_release|Any CPU.ActiveCfg = Release|x64
		{1FE0A9AB-CE78-4109-94FC-25806D373846}.ws2help_release|Any CPU.Build.0 = Release|x64
		{1FE0A9AB-CE78-4109-94FC-25806D373846}.ws2help_release|ARM.ActiveCfg = Release|ARM
		{1FE0A9AB-CE78-4109-94FC-25806D373846}.ws2help_release|ARM.Build.0 = Release|ARM
		{1FE0A9AB-CE78-4109-94FC-25806D373846}.ws2help_release|Mixed Platforms.ActiveCfg = Release|Win32
		{1FE0A9AB-CE78-4109-94FC-25806D373846}.ws2help_release|Mixed Platforms.Build.0 = Release|Win32
		{1FE0A9AB-CE78-4109-94FC-25806D373846}.ws2help_release|Win32.ActiveCfg = Release|Win32
		{1FE0A9AB-CE78-4109-94FC-25806D373846}.ws2help_release|Win32.Build.0 = Release|Win32
		{1FE0A9AB-CE78-4109-94FC-25806D373846}.ws2help_release|x64.ActiveCfg = Release|x64
		{1FE0A9AB-CE78-4109-94FC-25806D373846}.ws2help_release|x64.Build.0 = Release|x64
		{1FE0A9AB-CE78-4109-94FC-25806D373846}.ws2help_release|x86.ActiveCfg = Release|Win32
		{1FE0A9AB-CE78-4109-94FC-25806D373846}.ws2help_release|x86.Build.0 = Release|Win32
		{1FE0A9AB-CE78-4109-94FC-25806D373846}.x64|Any CPU.ActiveCfg = Release|x64
		{1FE0A9AB-CE78-4109-94FC-25806D373846}.x64|Any CPU.Build.0 = Release|x64
		{1FE0A9AB-CE78-4109-94FC-25806D373846}.x64|ARM.ActiveCfg = Release|ARM
		{1FE0A9AB-CE78-4109-94FC-25806D373846}.x64|ARM.Build.0 = Release|ARM
		{1FE0A9AB-CE78-4109-94FC-25806D373846}.x64|Mixed Platforms.ActiveCfg = Release|Win32
		{1FE0A9AB-CE78-4109-94FC-25806D373846}.x64|Mixed Platforms.Build.0 = Release|Win32
		{1FE0A9AB-CE78-4109-94FC-25806D373846}.x64|Win32.ActiveCfg = Release|Win32
		{1FE0A9AB-CE78-4109-94FC-25806D373846}.x64|Win32.Build.0 = Release|Win32
		{1FE0A9AB-CE78-4109-94FC-25806D373846}.x64|x64.ActiveCfg = Release|x64
		{1FE0A9AB-CE78-4109-94FC-25806D373846}.x64|x64.Build.0 = Release|x64
		{1FE0A9AB-CE78-4109-94FC-25806D373846}.x64|x86.ActiveCfg = Release|Win32
		{1FE0A9AB-CE78-4109-94FC-25806D373846}.x64|x86.Build.0 = Release|Win32
		{7B3BE494-B1AE-4341-9D85-2B2399AB3103}.Debug|Any CPU.ActiveCfg = Debug|Win32
		{7B3BE494-B1AE-4341-9D85-2B2399AB3103}.Debug|ARM.ActiveCfg = Debug|ARM
		{7B3BE494-B1AE-4341-9D85-2B2399AB3103}.Debug|Mixed Platforms.ActiveCfg = Debug|Win32
		{7B3BE494-B1AE-4341-9D85-2B2399AB3103}.Debug|Mixed Platforms.Build.0 = Debug|Win32
		{7B3BE494-B1AE-4341-9D85-2B2399AB3103}.Debug|Win32.ActiveCfg = Debug|Win32
		{7B3BE494-B1AE-4341-9D85-2B2399AB3103}.Debug|Win32.Build.0 = Debug|Win32
		{7B3BE494-B1AE-4341-9D85-2B2399AB3103}.Debug|x64.ActiveCfg = Debug|x64
		{7B3BE494-B1AE-4341-9D85-2B2399AB3103}.Debug|x64.Build.0 = Debug|x64
		{7B3BE494-B1AE-4341-9D85-2B2399AB3103}.Debug|x86.ActiveCfg = Debug|x64
		{7B3BE494-B1AE-4341-9D85-2B2399AB3103}.Debug|x86.Build.0 = Debug|x64
		{7B3BE494-B1AE-4341-9D85-2B2399AB3103}.Release|Any CPU.ActiveCfg = Release|Win32
		{7B3BE494-B1AE-4341-9D85-2B2399AB3103}.Release|ARM.ActiveCfg = Release|ARM
		{7B3BE494-B1AE-4341-9D85-2B2399AB3103}.Release|Mixed Platforms.ActiveCfg = Release|Win32
		{7B3BE494-B1AE-4341-9D85-2B2399AB3103}.Release|Mixed Platforms.Build.0 = Release|Win32
		{7B3BE494-B1AE-4341-9D85-2B2399AB3103}.Release|Win32.ActiveCfg = Release|Win32
		{7B3BE494-B1AE-4341-9D85-2B2399AB3103}.Release|Win32.Build.0 = Release|Win32
		{7B3BE494-B1AE-4341-9D85-2B2399AB3103}.Release|x64.ActiveCfg = Release|x64
		{7B3BE494-B1AE-4341-9D85-2B2399AB3103}.Release|x64.Build.0 = Release|x64
		{7B3BE494-B1AE-4341-9D85-2B2399AB3103}.Release|x86.ActiveCfg = Release|x64
		{7B3BE494-B1AE-4341-9D85-2B2399AB3103}.Release|x86.Build.0 = Release|x64
		{7B3BE494-B1AE-4341-9D85-2B2399AB3103}.version_release|Any CPU.ActiveCfg = Release|x64
		{7B3BE494-B1AE-4341-9D85-2B2399AB3103}.version_release|Any CPU.Build.0 = Release|x64
		{7B3BE494-B1AE-4341-9D85-2B2399AB3103}.version_release|ARM.ActiveCfg = Release|ARM
		{7B3BE494-B1AE-4341-9D85-2B2399AB3103}.version_release|ARM.Build.0 = Release|ARM
		{7B3BE494-B1AE-4341-9D85-2B2399AB3103}.version_release|Mixed Platforms.ActiveCfg = Release|Win32
		{7B3BE494-B1AE-4341-9D85-2B2399AB3103}.version_release|Mixed Platforms.Build.0 = Release|Win32
		{7B3BE494-B1AE-4341-9D85-2B2399AB3103}.version_release|Win32.ActiveCfg = Release|Win32
		{7B3BE494-B1AE-4341-9D85-2B2399AB3103}.version_release|Win32.Build.0 = Release|Win32
		{7B3BE494-B1AE-4341-9D85-2B2399AB3103}.version_release|x64.ActiveCfg = Release|x64
		{7B3BE494-B1AE-4341-9D85-2B2399AB3103}.version_release|x64.Build.0 = Release|x64
		{7B3BE494-B1AE-4341-9D85-2B2399AB3103}.version_release|x86.ActiveCfg = Release|Win32
		{7B3BE494-B1AE-4341-9D85-2B2399AB3103}.version_release|x86.Build.0 = Release|Win32
		{7B3BE494-B1AE-4341-9D85-2B2399AB3103}.ws2_32_release|Any CPU.ActiveCfg = Release|x64
		{7B3BE494-B1AE-4341-9D85-2B2399AB3103}.ws2_32_release|Any CPU.Build.0 = Release|x64
		{7B3BE494-B1AE-4341-9D85-2B2399AB3103}.ws2_32_release|ARM.ActiveCfg = Release|ARM
		{7B3BE494-B1AE-4341-9D85-2B2399AB3103}.ws2_32_release|ARM.Build.0 = Release|ARM
		{7B3BE494-B1AE-4341-9D85-2B2399AB3103}.ws2_32_release|Mixed Platforms.ActiveCfg = Release|Win32
		{7B3BE494-B1AE-4341-9D85-2B2399AB3103}.ws2_32_release|Mixed Platforms.Build.0 = Release|Win32
		{7B3BE494-B1AE-4341-9D85-2B2399AB3103}.ws2_32_release|Win32.ActiveCfg = Release|Win32
		{7B3BE494-B1AE-4341-9D85-2B2399AB3103}.ws2_32_release|Win32.Build.0 = Release|Win32
		{7B3BE494-B1AE-4341-9D85-2B2399AB3103}.ws2_32_release|x64.ActiveCfg = Release|x64
		{7B3BE494-B1AE-4341-9D85-2B2399AB3103}.ws2_32_release|x64.Build.0 = Release|x64
		{7B3BE494-B1AE-4341-9D85-2B2399AB3103}.ws2_32_release|x86.ActiveCfg = Release|Win32
		{7B3BE494-B1AE-4341-9D85-2B2399AB3103}.ws2_32_release|x86.Build.0 = Release|Win32
		{7B3BE494-B1AE-4341-9D85-2B2399AB3103}.ws2help_release|Any CPU.ActiveCfg = Release|x64
		{7B3BE494-B1AE-4341-9D85-2B2399AB3103}.ws2help_release|Any CPU.Build.0 = Release|x64
		{7B3BE494-B1AE-4341-9D85-2B2399AB3103}.ws2help_release|ARM.ActiveCfg = Release|ARM
		{7B3BE494-B1AE-4341-9D85-2B2399AB3103}.ws2help_release|ARM.Build.0 = Release|ARM
		{7B3BE494-B1AE-4341-9D85-2B2399AB3103}.ws2help_release|Mixed Platforms.ActiveCfg = Release|Win32
		{7B3BE494-B1AE-4341-9D85-2B2399AB3103}.ws2help_release|Mixed Platforms.Build.0 = Release|Win32
		{7B3BE494-B1AE-4341-9D85-2B2399AB3103}.ws2help_release|Win32.ActiveCfg = Release|Win32
		{7B3BE494-B1AE-4341-9D85-2B2399AB3103}.ws2help_release|Win32.Build.0 = Release|Win32
		{7B3BE494-B1AE-4341-9D85-2B2399AB3103}.ws2help_release|x64.ActiveCfg = Release|x64
		{7B3BE494-B1AE-4341-9D85-2B2399AB3103}.ws2help_release|x64.Build.0 = Release|x64
		{7B3BE494-B1AE-4341-9D85-2B2399AB3103}.ws2help_release|x86.ActiveCfg = Release|Win32
		{7B3BE494-B1AE-4341-9D85-2B2399AB3103}.ws2help_release|x86.Build.0 = Release|Win32
		{7B3BE494-B1AE-4341-9D85-2B2399AB3103}.x64|Any CPU.ActiveCfg = Release|x64
		{7B3BE494-B1AE-4341-9D85-2B2399AB3103}.x64|Any CPU.Build.0 = Release|x64
		{7B3BE494-B1AE-4341-9D85-2B2399AB3103}.x64|ARM.ActiveCfg = Release|ARM
		{7B3BE494-B1AE-4341-9D85-2B2399AB3103}.x64|ARM.Build.0 = Release|ARM
		{7B3BE494-B1AE-4341-9D85-2B2399AB3103}.x64|Mixed Platforms.ActiveCfg = Release|Win32
		{7B3BE494-B1AE-4341-9D85-2B2399AB3103}.x64|Mixed Platforms.Build.0 = Release|Win32
		{7B3BE494-B1AE-4341-9D85-2B2399AB3103}.x64|Win32.ActiveCfg = Release|Win32
		{7B3BE494-B1AE-4341-9D85-2B2399AB3103}.x64|Win32.Build.0 = Release|Win32
		{7B3BE494-B1AE-4341-9D85-2B2399AB3103}.x64|x64.ActiveCfg = Release|x64
		{7B3BE494-B1AE-4341-9D85-2B2399AB3103}.x64|x64.Build.0 = Release|x64
		{7B3BE494-B1AE-4341-9D85-2B2399AB3103}.x64|x86.ActiveCfg = Release|Win32
		{7B3BE494-B1AE-4341-9D85-2B2399AB3103}.x64|x86.Build.0 = Release|Win32
		{BF6C931C-45B4-408D-AA06-2B7CFED07E7F}.Debug|Any CPU.ActiveCfg = Debug|x86
		{BF6C931C-45B4-408D-AA06-2B7CFED07E7F}.Debug|ARM.ActiveCfg = Debug|x86
		{BF6C931C-45B4-408D-AA06-2B7CFED07E7F}.Debug|Mixed Platforms.ActiveCfg = Debug|x86
		{BF6C931C-45B4-408D-AA06-2B7CFED07E7F}.Debug|Mixed Platforms.Build.0 = Debug|x86
		{BF6C931C-45B4-408D-AA06-2B7CFED07E7F}.Debug|Win32.ActiveCfg = Debug|x86
		{BF6C931C-45B4-408D-AA06-2B7CFED07E7F}.Debug|Win32.Build.0 = Debug|x86
		{BF6C931C-45B4-408D-AA06-2B7CFED07E7F}.Debug|x64.ActiveCfg = Debug|x64
		{BF6C931C-45B4-408D-AA06-2B7CFED07E7F}.Debug|x64.Build.0 = Debug|x64
		{BF6C931C-45B4-408D-AA06-2B7CFED07E7F}.Debug|x86.ActiveCfg = Debug|x86
		{BF6C931C-45B4-408D-AA06-2B7CFED07E7F}.Debug|x86.Build.0 = Debug|x86
		{BF6C931C-45B4-408D-AA06-2B7CFED07E7F}.Release|Any CPU.ActiveCfg = Release|x86
		{BF6C931C-45B4-408D-AA06-2B7CFED07E7F}.Release|ARM.ActiveCfg = Release|x86
		{BF6C931C-45B4-408D-AA06-2B7CFED07E7F}.Release|Mixed Platforms.ActiveCfg = Release|x86
		{BF6C931C-45B4-408D-AA06-2B7CFED07E7F}.Release|Mixed Platforms.Build.0 = Release|x86
		{BF6C931C-45B4-408D-AA06-2B7CFED07E7F}.Release|Win32.ActiveCfg = Release|x86
		{BF6C931C-45B4-408D-AA06-2B7CFED07E7F}.Release|Win32.Build.0 = Release|x86
		{BF6C931C-45B4-408D-AA06-2B7CFED07E7F}.Release|x64.ActiveCfg = Release|x64
		{BF6C931C-45B4-408D-AA06-2B7CFED07E7F}.Release|x64.Build.0 = Release|x64
		{BF6C931C-45B4-408D-AA06-2B7CFED07E7F}.Release|x86.ActiveCfg = Release|x86
		{BF6C931C-45B4-408D-AA06-2B7CFED07E7F}.Release|x86.Build.0 = Release|x86
		{BF6C931C-45B4-408D-AA06-2B7CFED07E7F}.version_release|Any CPU.ActiveCfg = Release|x64
		{BF6C931C-45B4-408D-AA06-2B7CFED07E7F}.version_release|Any CPU.Build.0 = Release|x64
		{BF6C931C-45B4-408D-AA06-2B7CFED07E7F}.version_release|ARM.ActiveCfg = Release|x64
		{BF6C931C-45B4-408D-AA06-2B7CFED07E7F}.version_release|ARM.Build.0 = Release|x64
		{BF6C931C-45B4-408D-AA06-2B7CFED07E7F}.version_release|Mixed Platforms.ActiveCfg = Release|x86
		{BF6C931C-45B4-408D-AA06-2B7CFED07E7F}.version_release|Mixed Platforms.Build.0 = Release|x86
		{BF6C931C-45B4-408D-AA06-2B7CFED07E7F}.version_release|Win32.ActiveCfg = Release|x86
		{BF6C931C-45B4-408D-AA06-2B7CFED07E7F}.version_release|Win32.Build.0 = Release|x86
		{BF6C931C-45B4-408D-AA06-2B7CFED07E7F}.version_release|x64.ActiveCfg = Release|x64
		{BF6C931C-45B4-408D-AA06-2B7CFED07E7F}.version_release|x64.Build.0 = Release|x64
		{BF6C931C-45B4-408D-AA06-2B7CFED07E7F}.version_release|x86.ActiveCfg = Release|x86
		{BF6C931C-45B4-408D-AA06-2B7CFED07E7F}.version_release|x86.Build.0 = Release|x86
		{BF6C931C-45B4-408D-AA06-2B7CFED07E7F}.ws2_32_release|Any CPU.ActiveCfg = Release|x64
		{BF6C931C-45B4-408D-AA06-2B7CFED07E7F}.ws2_32_release|Any CPU.Build.0 = Release|x64
		{BF6C931C-45B4-408D-AA06-2B7CFED07E7F}.ws2_32_release|ARM.ActiveCfg = Release|x64
		{BF6C931C-45B4-408D-AA06-2B7CFED07E7F}.ws2_32_release|ARM.Build.0 = Release|x64
		{BF6C931C-45B4-408D-AA06-2B7CFED07E7F}.ws2_32_release|Mixed Platforms.ActiveCfg = Release|x86
		{BF6C931C-45B4-408D-AA06-2B7CFED07E7F}.ws2_32_release|Mixed Platforms.Build.0 = Release|x86
		{BF6C931C-45B4-408D-AA06-2B7CFED07E7F}.ws2_32_release|Win32.ActiveCfg = Release|x86
		{BF6C931C-45B4-408D-AA06-2B7CFED07E7F}.ws2_32_release|Win32.Build.0 = Release|x86
		{BF6C931C-45B4-408D-AA06-2B7CFED07E7F}.ws2_32_release|x64.ActiveCfg = Release|x64
		{BF6C931C-45B4-408D-AA06-2B7CFED07E7F}.ws2_32_release|x64.Build.0 = Release|x64
		{BF6C931C-45B4-408D-AA06-2B7CFED07E7F}.ws2_32_release|x86.ActiveCfg = Release|x86
		{BF6C931C-45B4-408D-AA06-2B7CFED07E7F}.ws2_32_release|x86.Build.0 = Release|x86
		{BF6C931C-45B4-408D-AA06-2B7CFED07E7F}.ws2help_release|Any CPU.ActiveCfg = Release|x64
		{BF6C931C-45B4-408D-AA06-2B7CFED07E7F}.ws2help_release|Any CPU.Build.0 = Release|x64
		{BF6C931C-45B4-408D-AA06-2B7CFED07E7F}.ws2help_release|ARM.ActiveCfg = Release|x64
		{BF6C931C-45B4-408D-AA06-2B7CFED07E7F}.ws2help_release|ARM.Build.0 = Release|x64
		{BF6C931C-45B4-408D-AA06-2B7CFED07E7F}.ws2help_release|Mixed Platforms.ActiveCfg = Release|x86
		{BF6C931C-45B4-408D-AA06-2B7CFED07E7F}.ws2help_release|Mixed Platforms.Build.0 = Release|x86
		{BF6C931C-45B4-408D-AA06-2B7CFED07E7F}.ws2help_release|Win32.ActiveCfg = Release|x86
		{BF6C931C-45B4-408D-AA06-2B7CFED07E7F}.ws2help_release|Win32.Build.0 = Release|x86
		{BF6C931C-45B4-408D-AA06-2B7CFED07E7F}.ws2help_release|x64.ActiveCfg = Release|x64
		{BF6C931C-45B4-408D-AA06-2B7CFED07E7F}.ws2help_release|x64.Build.0 = Release|x64
		{BF6C931C-45B4-408D-AA06-2B7CFED07E7F}.ws2help_release|x86.ActiveCfg = Release|x86
		{BF6C931C-45B4-408D-AA06-2B7CFED07E7F}.ws2help_release|x86.Build.0 = Release|x86
		{BF6C931C-45B4-408D-AA06-2B7CFED07E7F}.x64|Any CPU.ActiveCfg = Release|x64
		{BF6C931C-45B4-408D-AA06-2B7CFED07E7F}.x64|ARM.ActiveCfg = Release|x64
		{BF6C931C-45B4-408D-AA06-2B7CFED07E7F}.x64|Mixed Platforms.ActiveCfg = Release|x86
		{BF6C931C-45B4-408D-AA06-2B7CFED07E7F}.x64|Win32.ActiveCfg = Release|x86
		{BF6C931C-45B4-408D-AA06-2B7CFED07E7F}.x64|x64.ActiveCfg = Release|x64
		{BF6C931C-45B4-408D-AA06-2B7CFED07E7F}.x64|x86.ActiveCfg = Release|x86
		{3AC7B746-F6D4-4F9A-ABEC-5EF6211EA566}.Debug|Any CPU.ActiveCfg = Debug|Win32
		{3AC7B746-F6D4-4F9A-ABEC-5EF6211EA566}.Debug|ARM.ActiveCfg = Debug|ARM
		{3AC7B746-F6D4-4F9A-ABEC-5EF6211EA566}.Debug|Mixed Platforms.ActiveCfg = Debug|Win32
		{3AC7B746-F6D4-4F9A-ABEC-5EF6211EA566}.Debug|Mixed Platforms.Build.0 = Debug|Win32
		{3AC7B746-F6D4-4F9A-ABEC-5EF6211EA566}.Debug|Win32.ActiveCfg = Debug|Win32
		{3AC7B746-F6D4-4F9A-ABEC-5EF6211EA566}.Debug|Win32.Build.0 = Debug|Win32
		{3AC7B746-F6D4-4F9A-ABEC-5EF6211EA566}.Debug|x64.ActiveCfg = Debug|x64
		{3AC7B746-F6D4-4F9A-ABEC-5EF6211EA566}.Debug|x64.Build.0 = Debug|x64
		{3AC7B746-F6D4-4F9A-ABEC-5EF6211EA566}.Debug|x86.ActiveCfg = Debug|Win32
		{3AC7B746-F6D4-4F9A-ABEC-5EF6211EA566}.Debug|x86.Build.0 = Debug|Win32
		{3AC7B746-F6D4-4F9A-ABEC-5EF6211EA566}.Release|Any CPU.ActiveCfg = Release|Win32
		{3AC7B746-F6D4-4F9A-ABEC-5EF6211EA566}.Release|ARM.ActiveCfg = Release|ARM
		{3AC7B746-F6D4-4F9A-ABEC-5EF6211EA566}.Release|Mixed Platforms.ActiveCfg = Release|Win32
		{3AC7B746-F6D4-4F9A-ABEC-5EF6211EA566}.Release|Mixed Platforms.Build.0 = Release|Win32
		{3AC7B746-F6D4-4F9A-ABEC-5EF6211EA566}.Release|Win32.ActiveCfg = Release|Win32
		{3AC7B746-F6D4-4F9A-ABEC-5EF6211EA566}.Release|Win32.Build.0 = Release|Win32
		{3AC7B746-F6D4-4F9A-ABEC-5EF6211EA566}.Release|x64.ActiveCfg = Release|x64
		{3AC7B746-F6D4-4F9A-ABEC-5EF6211EA566}.Release|x64.Build.0 = Release|x64
		{3AC7B746-F6D4-4F9A-ABEC-5EF6211EA566}.Release|x86.ActiveCfg = Release|Win32
		{3AC7B746-F6D4-4F9A-ABEC-5EF6211EA566}.Release|x86.Build.0 = Release|Win32
		{3AC7B746-F6D4-4F9A-ABEC-5EF6211EA566}.version_release|Any CPU.ActiveCfg = Release|x64
		{3AC7B746-F6D4-4F9A-ABEC-5EF6211EA566}.version_release|Any CPU.Build.0 = Release|x64
		{3AC7B746-F6D4-4F9A-ABEC-5EF6211EA566}.version_release|ARM.ActiveCfg = Release|ARM
		{3AC7B746-F6D4-4F9A-ABEC-5EF6211EA566}.version_release|ARM.Build.0 = Release|ARM
		{3AC7B746-F6D4-4F9A-ABEC-5EF6211EA566}.version_release|Mixed Platforms.ActiveCfg = Release|Win32
		{3AC7B746-F6D4-4F9A-ABEC-5EF6211EA566}.version_release|Mixed Platforms.Build.0 = Release|Win32
		{3AC7B746-F6D4-4F9A-ABEC-5EF6211EA566}.version_release|Win32.ActiveCfg = Release|Win32
		{3AC7B746-F6D4-4F9A-ABEC-5EF6211EA566}.version_release|Win32.Build.0 = Release|Win32
		{3AC7B746-F6D4-4F9A-ABEC-5EF6211EA566}.version_release|x64.ActiveCfg = Release|x64
		{3AC7B746-F6D4-4F9A-ABEC-5EF6211EA566}.version_release|x64.Build.0 = Release|x64
		{3AC7B746-F6D4-4F9A-ABEC-5EF6211EA566}.version_release|x86.ActiveCfg = Release|Win32
		{3AC7B746-F6D4-4F9A-ABEC-5EF6211EA566}.version_release|x86.Build.0 = Release|Win32
		{3AC7B746-F6D4-4F9A-ABEC-5EF6211EA566}.ws2_32_release|Any CPU.ActiveCfg = Release|x64
		{3AC7B746-F6D4-4F9A-ABEC-5EF6211EA566}.ws2_32_release|Any CPU.Build.0 = Release|x64
		{3AC7B746-F6D4-4F9A-ABEC-5EF6211EA566}.ws2_32_release|ARM.ActiveCfg = Release|ARM
		{3AC7B746-F6D4-4F9A-ABEC-5EF6211EA566}.ws2_32_release|ARM.Build.0 = Release|ARM
		{3AC7B746-F6D4-4F9A-ABEC-5EF6211EA566}.ws2_32_release|Mixed Platforms.ActiveCfg = Release|Win32
		{3AC7B746-F6D4-4F9A-ABEC-5EF6211EA566}.ws2_32_release|Mixed Platforms.Build.0 = Release|Win32
		{3AC7B746-F6D4-4F9A-ABEC-5EF6211EA566}.ws2_32_release|Win32.ActiveCfg = Release|Win32
		{3AC7B746-F6D4-4F9A-ABEC-5EF6211EA566}.ws2_32_release|Win32.Build.0 = Release|Win32
		{3AC7B746-F6D4-4F9A-ABEC-5EF6211EA566}.ws2_32_release|x64.ActiveCfg = Release|x64
		{3AC7B746-F6D4-4F9A-ABEC-5EF6211EA566}.ws2_32_release|x64.Build.0 = Release|x64
		{3AC7B746-F6D4-4F9A-ABEC-5EF6211EA566}.ws2_32_release|x86.ActiveCfg = Release|Win32
		{3AC7B746-F6D4-4F9A-ABEC-5EF6211EA566}.ws2_32_release|x86.Build.0 = Release|Win32
		{3AC7B746-F6D4-4F9A-ABEC-5EF6211EA566}.ws2help_release|Any CPU.ActiveCfg = Release|x64
		{3AC7B746-F6D4-4F9A-ABEC-5EF6211EA566}.ws2help_release|Any CPU.Build.0 = Release|x64
		{3AC7B746-F6D4-4F9A-ABEC-5EF6211EA566}.ws2help_release|ARM.ActiveCfg = Release|ARM
		{3AC7B746-F6D4-4F9A-ABEC-5EF6211EA566}.ws2help_release|ARM.Build.0 = Release|ARM
		{3AC7B746-F6D4-4F9A-ABEC-5EF6211EA566}.ws2help_release|Mixed Platforms.ActiveCfg = Release|Win32
		{3AC7B746-F6D4-4F9A-ABEC-5EF6211EA566}.ws2help_release|Mixed Platforms.Build.0 = Release|Win32
		{3AC7B746-F6D4-4F9A-ABEC-5EF6211EA566}.ws2help_release|Win32.ActiveCfg = Release|Win32
		{3AC7B746-F6D4-4F9A-ABEC-5EF6211EA566}.ws2help_release|Win32.Build.0 = Release|Win32
		{3AC7B746-F6D4-4F9A-ABEC-5EF6211EA566}.ws2help_release|x64.ActiveCfg = Release|x64
		{3AC7B746-F6D4-4F9A-ABEC-5EF6211EA566}.ws2help_release|x64.Build.0 = Release|x64
		{3AC7B746-F6D4-4F9A-ABEC-5EF6211EA566}.ws2help_release|x86.ActiveCfg = Release|Win32
		{3AC7B746-F6D4-4F9A-ABEC-5EF6211EA566}.ws2help_release|x86.Build.0 = Release|Win32
		{3AC7B746-F6D4-4F9A-ABEC-5EF6211EA566}.x64|Any CPU.ActiveCfg = Release|x64
		{3AC7B746-F6D4-4F9A-ABEC-5EF6211EA566}.x64|ARM.ActiveCfg = Release|ARM
		{3AC7B746-F6D4-4F9A-ABEC-5EF6211EA566}.x64|Mixed Platforms.ActiveCfg = Release|Win32
		{3AC7B746-F6D4-4F9A-ABEC-5EF6211EA566}.x64|Win32.ActiveCfg = Release|Win32
		{3AC7B746-F6D4-4F9A-ABEC-5EF6211EA566}.x64|x64.ActiveCfg = Release|x64
		{3AC7B746-F6D4-4F9A-ABEC-5EF6211EA566}.x64|x86.ActiveCfg = Release|Win32
		{432EE287-D9BA-489C-A26A-09A9F896F61E}.Debug|Any CPU.ActiveCfg = Debug|Win32
		{432EE287-D9BA-489C-A26A-09A9F896F61E}.Debug|ARM.ActiveCfg = Debug|ARM
		{432EE287-D9BA-489C-A26A-09A9F896F61E}.Debug|Mixed Platforms.ActiveCfg = Debug|Win32
		{432EE287-D9BA-489C-A26A-09A9F896F61E}.Debug|Mixed Platforms.Build.0 = Debug|Win32
		{432EE287-D9BA-489C-A26A-09A9F896F61E}.Debug|Win32.ActiveCfg = Debug|Win32
		{432EE287-D9BA-489C-A26A-09A9F896F61E}.Debug|Win32.Build.0 = Debug|Win32
		{432EE287-D9BA-489C-A26A-09A9F896F61E}.Debug|x64.ActiveCfg = Debug|x64
		{432EE287-D9BA-489C-A26A-09A9F896F61E}.Debug|x64.Build.0 = Debug|x64
		{432EE287-D9BA-489C-A26A-09A9F896F61E}.Debug|x86.ActiveCfg = Debug|Win32
		{432EE287-D9BA-489C-A26A-09A9F896F61E}.Debug|x86.Build.0 = Debug|Win32
		{432EE287-D9BA-489C-A26A-09A9F896F61E}.Release|Any CPU.ActiveCfg = Release|Win32
		{432EE287-D9BA-489C-A26A-09A9F896F61E}.Release|ARM.ActiveCfg = Release|ARM
		{432EE287-D9BA-489C-A26A-09A9F896F61E}.Release|Mixed Platforms.ActiveCfg = Release|Win32
		{432EE287-D9BA-489C-A26A-09A9F896F61E}.Release|Mixed Platforms.Build.0 = Release|Win32
		{432EE287-D9BA-489C-A26A-09A9F896F61E}.Release|Win32.ActiveCfg = Release|Win32
		{432EE287-D9BA-489C-A26A-09A9F896F61E}.Release|Win32.Build.0 = Release|Win32
		{432EE287-D9BA-489C-A26A-09A9F896F61E}.Release|x64.ActiveCfg = Release|x64
		{432EE287-D9BA-489C-A26A-09A9F896F61E}.Release|x64.Build.0 = Release|x64
		{432EE287-D9BA-489C-A26A-09A9F896F61E}.Release|x86.ActiveCfg = Release|Win32
		{432EE287-D9BA-489C-A26A-09A9F896F61E}.Release|x86.Build.0 = Release|Win32
		{432EE287-D9BA-489C-A26A-09A9F896F61E}.version_release|Any CPU.ActiveCfg = Release|x64
		{432EE287-D9BA-489C-A26A-09A9F896F61E}.version_release|Any CPU.Build.0 = Release|x64
		{432EE287-D9BA-489C-A26A-09A9F896F61E}.version_release|ARM.ActiveCfg = Release|ARM
		{432EE287-D9BA-489C-A26A-09A9F896F61E}.version_release|ARM.Build.0 = Release|ARM
		{432EE287-D9BA-489C-A26A-09A9F896F61E}.version_release|Mixed Platforms.ActiveCfg = Release|Win32
		{432EE287-D9BA-489C-A26A-09A9F896F61E}.version_release|Mixed Platforms.Build.0 = Release|Win32
		{432EE287-D9BA-489C-A26A-09A9F896F61E}.version_release|Win32.ActiveCfg = Release|Win32
		{432EE287-D9BA-489C-A26A-09A9F896F61E}.version_release|Win32.Build.0 = Release|Win32
		{432EE287-D9BA-489C-A26A-09A9F896F61E}.version_release|x64.ActiveCfg = Release|x64
		{432EE287-D9BA-489C-A26A-09A9F896F61E}.version_release|x64.Build.0 = Release|x64
		{432EE287-D9BA-489C-A26A-09A9F896F61E}.version_release|x86.ActiveCfg = Release|Win32
		{432EE287-D9BA-489C-A26A-09A9F896F61E}.version_release|x86.Build.0 = Release|Win32
		{432EE287-D9BA-489C-A26A-09A9F896F61E}.ws2_32_release|Any CPU.ActiveCfg = Release|x64
		{432EE287-D9BA-489C-A26A-09A9F896F61E}.ws2_32_release|Any CPU.Build.0 = Release|x64
		{432EE287-D9BA-489C-A26A-09A9F896F61E}.ws2_32_release|ARM.ActiveCfg = Release|ARM
		{432EE287-D9BA-489C-A26A-09A9F896F61E}.ws2_32_release|ARM.Build.0 = Release|ARM
		{432EE287-D9BA-489C-A26A-09A9F896F61E}.ws2_32_release|Mixed Platforms.ActiveCfg = Release|Win32
		{432EE287-D9BA-489C-A26A-09A9F896F61E}.ws2_32_release|Mixed Platforms.Build.0 = Release|Win32
		{432EE287-D9BA-489C-A26A-09A9F896F61E}.ws2_32_release|Win32.ActiveCfg = Release|Win32
		{432EE287-D9BA-489C-A26A-09A9F896F61E}.ws2_32_release|Win32.Build.0 = Release|Win32
		{432EE287-D9BA-489C-A26A-09A9F896F61E}.ws2_32_release|x64.ActiveCfg = Release|x64
		{432EE287-D9BA-489C-A26A-09A9F896F61E}.ws2_32_release|x64.Build.0 = Release|x64
		{432EE287-D9BA-489C-A26A-09A9F896F61E}.ws2_32_release|x86.ActiveCfg = Release|Win32
		{432EE287-D9BA-489C-A26A-09A9F896F61E}.ws2_32_release|x86.Build.0 = Release|Win32
		{432EE287-D9BA-489C-A26A-09A9F896F61E}.ws2help_release|Any CPU.ActiveCfg = Release|x64
		{432EE287-D9BA-489C-A26A-09A9F896F61E}.ws2help_release|Any CPU.Build.0 = Release|x64
		{432EE287-D9BA-489C-A26A-09A9F896F61E}.ws2help_release|ARM.ActiveCfg = Release|ARM
		{432EE287-D9BA-489C-A26A-09A9F896F61E}.ws2help_release|ARM.Build.0 = Release|ARM
		{432EE287-D9BA-489C-A26A-09A9F896F61E}.ws2help_release|Mixed Platforms.ActiveCfg = Release|Win32
		{432EE287-D9BA-489C-A26A-09A9F896F61E}.ws2help_release|Mixed Platforms.Build.0 = Release|Win32
		{432EE287-D9BA-489C-A26A-09A9F896F61E}.ws2help_release|Win32.ActiveCfg = Release|Win32
		{432EE287-D9BA-489C-A26A-09A9F896F61E}.ws2help_release|Win32.Build.0 = Release|Win32
		{432EE287-D9BA-489C-A26A-09A9F896F61E}.ws2help_release|x64.ActiveCfg = Release|x64
		{432EE287-D9BA-489C-A26A-09A9F896F61E}.ws2help_release|x64.Build.0 = Release|x64
		{432EE287-D9BA-489C-A26A-09A9F896F61E}.ws2help_release|x86.ActiveCfg = Release|Win32
		{432EE287-D9BA-489C-A26A-09A9F896F61E}.ws2help_release|x86.Build.0 = Release|Win32
		{432EE287-D9BA-489C-A26A-09A9F896F61E}.x64|Any CPU.ActiveCfg = Release|x64
		{432EE287-D9BA-489C-A26A-09A9F896F61E}.x64|ARM.ActiveCfg = Release|ARM
		{432EE287-D9BA-489C-A26A-09A9F896F61E}.x64|Mixed Platforms.ActiveCfg = Release|Win32
		{432EE287-D9BA-489C-A26A-09A9F896F61E}.x64|Win32.ActiveCfg = Release|Win32
		{432EE287-D9BA-489C-A26A-09A9F896F61E}.x64|x64.ActiveCfg = Release|x64
		{432EE287-D9BA-489C-A26A-09A9F896F61E}.x64|x86.ActiveCfg = Release|Win32
		{2233FFB4-B6D6-43BF-BD73-79B4350872F8}.Debug|Any CPU.ActiveCfg = Debug|Win32
		{2233FFB4-B6D6-43BF-BD73-79B4350872F8}.Debug|ARM.ActiveCfg = Debug|ARM
		{2233FFB4-B6D6-43BF-BD73-79B4350872F8}.Debug|Mixed Platforms.ActiveCfg = Debug|Win32
		{2233FFB4-B6D6-43BF-BD73-79B4350872F8}.Debug|Mixed Platforms.Build.0 = Debug|Win32
		{2233FFB4-B6D6-43BF-BD73-79B4350872F8}.Debug|Win32.ActiveCfg = Debug|Win32
		{2233FFB4-B6D6-43BF-BD73-79B4350872F8}.Debug|Win32.Build.0 = Debug|Win32
		{2233FFB4-B6D6-43BF-BD73-79B4350872F8}.Debug|x64.ActiveCfg = Debug|x64
		{2233FFB4-B6D6-43BF-BD73-79B4350872F8}.Debug|x64.Build.0 = Debug|x64
		{2233FFB4-B6D6-43BF-BD73-79B4350872F8}.Debug|x86.ActiveCfg = Debug|Win32
		{2233FFB4-B6D6-43BF-BD73-79B4350872F8}.Debug|x86.Build.0 = Debug|Win32
		{2233FFB4-B6D6-43BF-BD73-79B4350872F8}.Release|Any CPU.ActiveCfg = Release|Win32
		{2233FFB4-B6D6-43BF-BD73-79B4350872F8}.Release|ARM.ActiveCfg = Release|ARM
		{2233FFB4-B6D6-43BF-BD73-79B4350872F8}.Release|Mixed Platforms.ActiveCfg = Release|Win32
		{2233FFB4-B6D6-43BF-BD73-79B4350872F8}.Release|Mixed Platforms.Build.0 = Release|Win32
		{2233FFB4-B6D6-43BF-BD73-79B4350872F8}.Release|Win32.ActiveCfg = Release|Win32
		{2233FFB4-B6D6-43BF-BD73-79B4350872F8}.Release|Win32.Build.0 = Release|Win32
		{2233FFB4-B6D6-43BF-BD73-79B4350872F8}.Release|x64.ActiveCfg = Release|x64
		{2233FFB4-B6D6-43BF-BD73-79B4350872F8}.Release|x64.Build.0 = Release|x64
		{2233FFB4-B6D6-43BF-BD73-79B4350872F8}.Release|x86.ActiveCfg = Release|Win32
		{2233FFB4-B6D6-43BF-BD73-79B4350872F8}.Release|x86.Build.0 = Release|Win32
		{2233FFB4-B6D6-43BF-BD73-79B4350872F8}.version_release|Any CPU.ActiveCfg = Release|x64
		{2233FFB4-B6D6-43BF-BD73-79B4350872F8}.version_release|Any CPU.Build.0 = Release|x64
		{2233FFB4-B6D6-43BF-BD73-79B4350872F8}.version_release|ARM.ActiveCfg = Release|ARM
		{2233FFB4-B6D6-43BF-BD73-79B4350872F8}.version_release|ARM.Build.0 = Release|ARM
		{2233FFB4-B6D6-43BF-BD73-79B4350872F8}.version_release|Mixed Platforms.ActiveCfg = Release|Win32
		{2233FFB4-B6D6-43BF-BD73-79B4350872F8}.version_release|Mixed Platforms.Build.0 = Release|Win32
		{2233FFB4-B6D6-43BF-BD73-79B4350872F8}.version_release|Win32.ActiveCfg = Release|Win32
		{2233FFB4-B6D6-43BF-BD73-79B4350872F8}.version_release|Win32.Build.0 = Release|Win32
		{2233FFB4-B6D6-43BF-BD73-79B4350872F8}.version_release|x64.ActiveCfg = Release|x64
		{2233FFB4-B6D6-43BF-BD73-79B4350872F8}.version_release|x64.Build.0 = Release|x64
		{2233FFB4-B6D6-43BF-BD73-79B4350872F8}.version_release|x86.ActiveCfg = Release|Win32
		{2233FFB4-B6D6-43BF-BD73-79B4350872F8}.version_release|x86.Build.0 = Release|Win32
		{2233FFB4-B6D6-43BF-BD73-79B4350872F8}.ws2_32_release|Any CPU.ActiveCfg = Release|x64
		{2233FFB4-B6D6-43BF-BD73-79B4350872F8}.ws2_32_release|Any CPU.Build.0 = Release|x64
		{2233FFB4-B6D6-43BF-BD73-79B4350872F8}.ws2_32_release|ARM.ActiveCfg = Release|ARM
		{2233FFB4-B6D6-43BF-BD73-79B4350872F8}.ws2_32_release|ARM.Build.0 = Release|ARM
		{2233FFB4-B6D6-43BF-BD73-79B4350872F8}.ws2_32_release|Mixed Platforms.ActiveCfg = Release|Win32
		{2233FFB4-B6D6-43BF-BD73-79B4350872F8}.ws2_32_release|Mixed Platforms.Build.0 = Release|Win32
		{2233FFB4-B6D6-43BF-BD73-79B4350872F8}.ws2_32_release|Win32.ActiveCfg = Release|Win32
		{2233FFB4-B6D6-43BF-BD73-79B4350872F8}.ws2_32_release|Win32.Build.0 = Release|Win32
		{2233FFB4-B6D6-43BF-BD73-79B4350872F8}.ws2_32_release|x64.ActiveCfg = Release|x64
		{2233FFB4-B6D6-43BF-BD73-79B4350872F8}.ws2_32_release|x64.Build.0 = Release|x64
		{2233FFB4-B6D6-43BF-BD73-79B4350872F8}.ws2_32_release|x86.ActiveCfg = Release|Win32
		{2233FFB4-B6D6-43BF-BD73-79B4350872F8}.ws2_32_release|x86.Build.0 = Release|Win32
		{2233FFB4-B6D6-43BF-BD73-79B4350872F8}.ws2help_release|Any CPU.ActiveCfg = Release|x64
		{2233FFB4-B6D6-43BF-BD73-79B4350872F8}.ws2help_release|Any CPU.Build.0 = Release|x64
		{2233FFB4-B6D6-43BF-BD73-79B4350872F8}.ws2help_release|ARM.ActiveCfg = Release|ARM
		{2233FFB4-B6D6-43BF-BD73-79B4350872F8}.ws2help_release|ARM.Build.0 = Release|ARM
		{2233FFB4-B6D6-43BF-BD73-79B4350872F8}.ws2help_release|Mixed Platforms.ActiveCfg = Release|Win32
		{2233FFB4-B6D6-43BF-BD73-79B4350872F8}.ws2help_release|Mixed Platforms.Build.0 = Release|Win32
		{2233FFB4-B6D6-43BF-BD73-79B4350872F8}.ws2help_release|Win32.ActiveCfg = Release|Win32
		{2233FFB4-B6D6-43BF-BD73-79B4350872F8}.ws2help_release|Win32.Build.0 = Release|Win32
		{2233FFB4-B6D6-43BF-BD73-79B4350872F8}.ws2help_release|x64.ActiveCfg = Release|x64
		{2233FFB4-B6D6-43BF-BD73-79B4350872F8}.ws2help_release|x64.Build.0 = Release|x64
		{2233FFB4-B6D6-43BF-BD73-79B4350872F8}.ws2help_release|x86.ActiveCfg = Release|Win32
		{2233FFB4-B6D6-43BF-BD73-79B4350872F8}.ws2help_release|x86.Build.0 = Release|Win32
		{2233FFB4-B6D6-43BF-BD73-79B4350872F8}.x64|Any CPU.ActiveCfg = Release|x64
		{2233FFB4-B6D6-43BF-BD73-79B4350872F8}.x64|ARM.ActiveCfg = Release|ARM
		{2233FFB4-B6D6-43BF-BD73-79B4350872F8}.x64|Mixed Platforms.ActiveCfg = Release|Win32
		{2233FFB4-B6D6-43BF-BD73-79B4350872F8}.x64|Win32.ActiveCfg = Release|Win32
		{2233FFB4-B6D6-43BF-BD73-79B4350872F8}.x64|x64.ActiveCfg = Release|x64
		{2233FFB4-B6D6-43BF-BD73-79B4350872F8}.x64|x86.ActiveCfg = Release|Win32
		{E027C65B-A2C7-4262-8711-38CD6ED0C648}.Debug|Any CPU.ActiveCfg = Debug|Win32
		{E027C65B-A2C7-4262-8711-38CD6ED0C648}.Debug|ARM.ActiveCfg = Debug|ARM
		{E027C65B-A2C7-4262-8711-38CD6ED0C648}.Debug|Mixed Platforms.ActiveCfg = Debug|Win32
		{E027C65B-A2C7-4262-8711-38CD6ED0C648}.Debug|Mixed Platforms.Build.0 = Debug|Win32
		{E027C65B-A2C7-4262-8711-38CD6ED0C648}.Debug|Win32.ActiveCfg = Debug|Win32
		{E027C65B-A2C7-4262-8711-38CD6ED0C648}.Debug|Win32.Build.0 = Debug|Win32
		{E027C65B-A2C7-4262-8711-38CD6ED0C648}.Debug|x64.ActiveCfg = Debug|Win32
		{E027C65B-A2C7-4262-8711-38CD6ED0C648}.Debug|x86.ActiveCfg = Debug|Win32
		{E027C65B-A2C7-4262-8711-38CD6ED0C648}.Debug|x86.Build.0 = Debug|Win32
		{E027C65B-A2C7-4262-8711-38CD6ED0C648}.Release|Any CPU.ActiveCfg = Release|Win32
		{E027C65B-A2C7-4262-8711-38CD6ED0C648}.Release|ARM.ActiveCfg = Release|ARM
		{E027C65B-A2C7-4262-8711-38CD6ED0C648}.Release|Mixed Platforms.ActiveCfg = Release|Win32
		{E027C65B-A2C7-4262-8711-38CD6ED0C648}.Release|Mixed Platforms.Build.0 = Release|Win32
		{E027C65B-A2C7-4262-8711-38CD6ED0C648}.Release|Win32.ActiveCfg = Release|Win32
		{E027C65B-A2C7-4262-8711-38CD6ED0C648}.Release|Win32.Build.0 = Release|Win32
		{E027C65B-A2C7-4262-8711-38CD6ED0C648}.Release|x64.ActiveCfg = Release|Win32
		{E027C65B-A2C7-4262-8711-38CD6ED0C648}.Release|x86.ActiveCfg = Release|Win32
		{E027C65B-A2C7-4262-8711-38CD6ED0C648}.Release|x86.Build.0 = Release|Win32
		{E027C65B-A2C7-4262-8711-38CD6ED0C648}.version_release|Any CPU.ActiveCfg = Release|Win32
		{E027C65B-A2C7-4262-8711-38CD6ED0C648}.version_release|Any CPU.Build.0 = Release|Win32
		{E027C65B-A2C7-4262-8711-38CD6ED0C648}.version_release|ARM.ActiveCfg = Release|ARM
		{E027C65B-A2C7-4262-8711-38CD6ED0C648}.version_release|ARM.Build.0 = Release|ARM
		{E027C65B-A2C7-4262-8711-38CD6ED0C648}.version_release|Mixed Platforms.ActiveCfg = Release|Win32
		{E027C65B-A2C7-4262-8711-38CD6ED0C648}.version_release|Mixed Platforms.Build.0 = Release|Win32
		{E027C65B-A2C7-4262-8711-38CD6ED0C648}.version_release|Win32.ActiveCfg = Release|Win32
		{E027C65B-A2C7-4262-8711-38CD6ED0C648}.version_release|Win32.Build.0 = Release|Win32
		{E027C65B-A2C7-4262-8711-38CD6ED0C648}.version_release|x64.ActiveCfg = Release|Win32
		{E027C65B-A2C7-4262-8711-38CD6ED0C648}.version_release|x64.Build.0 = Release|Win32
		{E027C65B-A2C7-4262-8711-38CD6ED0C648}.version_release|x86.ActiveCfg = Release|Win32
		{E027C65B-A2C7-4262-8711-38CD6ED0C648}.version_release|x86.Build.0 = Release|Win32
		{E027C65B-A2C7-4262-8711-38CD6ED0C648}.ws2_32_release|Any CPU.ActiveCfg = Release|Win32
		{E027C65B-A2C7-4262-8711-38CD6ED0C648}.ws2_32_release|Any CPU.Build.0 = Release|Win32
		{E027C65B-A2C7-4262-8711-38CD6ED0C648}.ws2_32_release|ARM.ActiveCfg = Release|ARM
		{E027C65B-A2C7-4262-8711-38CD6ED0C648}.ws2_32_release|ARM.Build.0 = Release|ARM
		{E027C65B-A2C7-4262-8711-38CD6ED0C648}.ws2_32_release|Mixed Platforms.ActiveCfg = Release|Win32
		{E027C65B-A2C7-4262-8711-38CD6ED0C648}.ws2_32_release|Mixed Platforms.Build.0 = Release|Win32
		{E027C65B-A2C7-4262-8711-38CD6ED0C648}.ws2_32_release|Win32.ActiveCfg = Release|Win32
		{E027C65B-A2C7-4262-8711-38CD6ED0C648}.ws2_32_release|Win32.Build.0 = Release|Win32
		{E027C65B-A2C7-4262-8711-38CD6ED0C648}.ws2_32_release|x64.ActiveCfg = Release|Win32
		{E027C65B-A2C7-4262-8711-38CD6ED0C648}.ws2_32_release|x64.Build.0 = Release|Win32
		{E027C65B-A2C7-4262-8711-38CD6ED0C648}.ws2_32_release|x86.ActiveCfg = Release|Win32
		{E027C65B-A2C7-4262-8711-38CD6ED0C648}.ws2_32_release|x86.Build.0 = Release|Win32
		{E027C65B-A2C7-4262-8711-38CD6ED0C648}.ws2help_release|Any CPU.ActiveCfg = Release|Win32
		{E027C65B-A2C7-4262-8711-38CD6ED0C648}.ws2help_release|Any CPU.Build.0 = Release|Win32
		{E027C65B-A2C7-4262-8711-38CD6ED0C648}.ws2help_release|ARM.ActiveCfg = Release|ARM
		{E027C65B-A2C7-4262-8711-38CD6ED0C648}.ws2help_release|ARM.Build.0 = Release|ARM
		{E027C65B-A2C7-4262-8711-38CD6ED0C648}.ws2help_release|Mixed Platforms.ActiveCfg = Release|Win32
		{E027C65B-A2C7-4262-8711-38CD6ED0C648}.ws2help_release|Mixed Platforms.Build.0 = Release|Win32
		{E027C65B-A2C7-4262-8711-38CD6ED0C648}.ws2help_release|Win32.ActiveCfg = Release|Win32
		{E027C65B-A2C7-4262-8711-38CD6ED0C648}.ws2help_release|Win32.Build.0 = Release|Win32
		{E027C65B-A2C7-4262-8711-38CD6ED0C648}.ws2help_release|x64.ActiveCfg = Release|Win32
		{E027C65B-A2C7-4262-8711-38CD6ED0C648}.ws2help_release|x64.Build.0 = Release|Win32
		{E027C65B-A2C7-4262-8711-38CD6ED0C648}.ws2help_release|x86.ActiveCfg = Release|Win32
		{E027C65B-A2C7-4262-8711-38CD6ED0C648}.ws2help_release|x86.Build.0 = Release|Win32
		{E027C65B-A2C7-4262-8711-38CD6ED0C648}.x64|Any CPU.ActiveCfg = Release|ARM
		{E027C65B-A2C7-4262-8711-38CD6ED0C648}.x64|ARM.ActiveCfg = Release|ARM
		{E027C65B-A2C7-4262-8711-38CD6ED0C648}.x64|Mixed Platforms.ActiveCfg = Release|Win32
		{E027C65B-A2C7-4262-8711-38CD6ED0C648}.x64|Win32.ActiveCfg = Release|Win32
		{E027C65B-A2C7-4262-8711-38CD6ED0C648}.x64|x64.ActiveCfg = Release|ARM
		{E027C65B-A2C7-4262-8711-38CD6ED0C648}.x64|x86.ActiveCfg = Release|Win32
		{B7C03B40-80C8-45BD-8190-E14E0534E74F}.Debug|Any CPU.ActiveCfg = Debug|Win32
		{B7C03B40-80C8-45BD-8190-E14E0534E74F}.Debug|ARM.ActiveCfg = Debug|ARM
		{B7C03B40-80C8-45BD-8190-E14E0534E74F}.Debug|Mixed Platforms.ActiveCfg = Debug|Win32
		{B7C03B40-80C8-45BD-8190-E14E0534E74F}.Debug|Mixed Platforms.Build.0 = Debug|Win32
		{B7C03B40-80C8-45BD-8190-E14E0534E74F}.Debug|Win32.ActiveCfg = Debug|Win32
		{B7C03B40-80C8-45BD-8190-E14E0534E74F}.Debug|Win32.Build.0 = Debug|Win32
		{B7C03B40-80C8-45BD-8190-E14E0534E74F}.Debug|x64.ActiveCfg = Debug|Win32
		{B7C03B40-80C8-45BD-8190-E14E0534E74F}.Debug|x86.ActiveCfg = Debug|Win32
		{B7C03B40-80C8-45BD-8190-E14E0534E74F}.Debug|x86.Build.0 = Debug|Win32
		{B7C03B40-80C8-45BD-8190-E14E0534E74F}.Release|Any CPU.ActiveCfg = Release|Win32
		{B7C03B40-80C8-45BD-8190-E14E0534E74F}.Release|ARM.ActiveCfg = Release|ARM
		{B7C03B40-80C8-45BD-8190-E14E0534E74F}.Release|Mixed Platforms.ActiveCfg = Release|Win32
		{B7C03B40-80C8-45BD-8190-E14E0534E74F}.Release|Mixed Platforms.Build.0 = Release|Win32
		{B7C03B40-80C8-45BD-8190-E14E0534E74F}.Release|Win32.ActiveCfg = Release|Win32
		{B7C03B40-80C8-45BD-8190-E14E0534E74F}.Release|Win32.Build.0 = Release|Win32
		{B7C03B40-80C8-45BD-8190-E14E0534E74F}.Release|x64.ActiveCfg = Release|Win32
		{B7C03B40-80C8-45BD-8190-E14E0534E74F}.Release|x86.ActiveCfg = Release|Win32
		{B7C03B40-80C8-45BD-8190-E14E0534E74F}.Release|x86.Build.0 = Release|Win32
		{B7C03B40-80C8-45BD-8190-E14E0534E74F}.version_release|Any CPU.ActiveCfg = Release|Win32
		{B7C03B40-80C8-45BD-8190-E14E0534E74F}.version_release|Any CPU.Build.0 = Release|Win32
		{B7C03B40-80C8-45BD-8190-E14E0534E74F}.version_release|ARM.ActiveCfg = Release|ARM
		{B7C03B40-80C8-45BD-8190-E14E0534E74F}.version_release|ARM.Build.0 = Release|ARM
		{B7C03B40-80C8-45BD-8190-E14E0534E74F}.version_release|Mixed Platforms.ActiveCfg = Release|Win32
		{B7C03B40-80C8-45BD-8190-E14E0534E74F}.version_release|Mixed Platforms.Build.0 = Release|Win32
		{B7C03B40-80C8-45BD-8190-E14E0534E74F}.version_release|Win32.ActiveCfg = Release|Win32
		{B7C03B40-80C8-45BD-8190-E14E0534E74F}.version_release|Win32.Build.0 = Release|Win32
		{B7C03B40-80C8-45BD-8190-E14E0534E74F}.version_release|x64.ActiveCfg = Release|Win32
		{B7C03B40-80C8-45BD-8190-E14E0534E74F}.version_release|x64.Build.0 = Release|Win32
		{B7C03B40-80C8-45BD-8190-E14E0534E74F}.version_release|x86.ActiveCfg = Release|Win32
		{B7C03B40-80C8-45BD-8190-E14E0534E74F}.version_release|x86.Build.0 = Release|Win32
		{B7C03B40-80C8-45BD-8190-E14E0534E74F}.ws2_32_release|Any CPU.ActiveCfg = Release|Win32
		{B7C03B40-80C8-45BD-8190-E14E0534E74F}.ws2_32_release|Any CPU.Build.0 = Release|Win32
		{B7C03B40-80C8-45BD-8190-E14E0534E74F}.ws2_32_release|ARM.ActiveCfg = Release|ARM
		{B7C03B40-80C8-45BD-8190-E14E0534E74F}.ws2_32_release|ARM.Build.0 = Release|ARM
		{B7C03B40-80C8-45BD-8190-E14E0534E74F}.ws2_32_release|Mixed Platforms.ActiveCfg = Release|Win32
		{B7C03B40-80C8-45BD-8190-E14E0534E74F}.ws2_32_release|Mixed Platforms.Build.0 = Release|Win32
		{B7C03B40-80C8-45BD-8190-E14E0534E74F}.ws2_32_release|Win32.ActiveCfg = Release|Win32
		{B7C03B40-80C8-45BD-8190-E14E0534E74F}.ws2_32_release|Win32.Build.0 = Release|Win32
		{B7C03B40-80C8-45BD-8190-E14E0534E74F}.ws2_32_release|x64.ActiveCfg = Release|Win32
		{B7C03B40-80C8-45BD-8190-E14E0534E74F}.ws2_32_release|x64.Build.0 = Release|Win32
		{B7C03B40-80C8-45BD-8190-E14E0534E74F}.ws2_32_release|x86.ActiveCfg = Release|Win32
		{B7C03B40-80C8-45BD-8190-E14E0534E74F}.ws2_32_release|x86.Build.0 = Release|Win32
		{B7C03B40-80C8-45BD-8190-E14E0534E74F}.ws2help_release|Any CPU.ActiveCfg = Release|Win32
		{B7C03B40-80C8-45BD-8190-E14E0534E74F}.ws2help_release|Any CPU.Build.0 = Release|Win32
		{B7C03B40-80C8-45BD-8190-E14E0534E74F}.ws2help_release|ARM.ActiveCfg = Release|ARM
		{B7C03B40-80C8-45BD-8190-E14E0534E74F}.ws2help_release|ARM.Build.0 = Release|ARM
		{B7C03B40-80C8-45BD-8190-E14E0534E74F}.ws2help_release|Mixed Platforms.ActiveCfg = Release|Win32
		{B7C03B40-80C8-45BD-8190-E14E0534E74F}.ws2help_release|Mixed Platforms.Build.0 = Release|Win32
		{B7C03B40-80C8-45BD-8190-E14E0534E74F}.ws2help_release|Win32.ActiveCfg = Release|Win32
		{B7C03B40-80C8-45BD-8190-E14E0534E74F}.ws2help_release|Win32.Build.0 = Release|Win32
		{B7C03B40-80C8-45BD-8190-E14E0534E74F}.ws2help_release|x64.ActiveCfg = Release|Win32
		{B7C03B40-80C8-45BD-8190-E14E0534E74F}.ws2help_release|x64.Build.0 = Release|Win32
		{B7C03B40-80C8-45BD-8190-E14E0534E74F}.ws2help_release|x86.ActiveCfg = Release|Win32
		{B7C03B40-80C8-45BD-8190-E14E0534E74F}.ws2help_release|x86.Build.0 = Release|Win32
		{B7C03B40-80C8-45BD-8190-E14E0534E74F}.x64|Any CPU.ActiveCfg = Release|ARM
		{B7C03B40-80C8-45BD-8190-E14E0534E74F}.x64|ARM.ActiveCfg = Release|ARM
		{B7C03B40-80C8-45BD-8190-E14E0534E74F}.x64|Mixed Platforms.ActiveCfg = Release|Win32
		{B7C03B40-80C8-45BD-8190-E14E0534E74F}.x64|Win32.ActiveCfg = Release|Win32
		{B7C03B40-80C8-45BD-8190-E14E0534E74F}.x64|x64.ActiveCfg = Release|ARM
		{B7C03B40-80C8-45BD-8190-E14E0534E74F}.x64|x86.ActiveCfg = Release|Win32
		{03AED94E-DBCD-49ED-8A26-7DF0BE28B977}.Debug|Any CPU.ActiveCfg = Debug|Any CPU
		{03AED94E-DBCD-49ED-8A26-7DF0BE28B977}.Debug|Any CPU.Build.0 = Debug|Any CPU
		{03AED94E-DBCD-49ED-8A26-7DF0BE28B977}.Debug|ARM.ActiveCfg = Debug|Any CPU
		{03AED94E-DBCD-49ED-8A26-7DF0BE28B977}.Debug|ARM.Build.0 = Debug|Any CPU
		{03AED94E-DBCD-49ED-8A26-7DF0BE28B977}.Debug|Mixed Platforms.ActiveCfg = Debug|Any CPU
		{03AED94E-DBCD-49ED-8A26-7DF0BE28B977}.Debug|Mixed Platforms.Build.0 = Debug|Any CPU
		{03AED94E-DBCD-49ED-8A26-7DF0BE28B977}.Debug|Win32.ActiveCfg = Debug|Any CPU
		{03AED94E-DBCD-49ED-8A26-7DF0BE28B977}.Debug|Win32.Build.0 = Debug|Any CPU
		{03AED94E-DBCD-49ED-8A26-7DF0BE28B977}.Debug|x64.ActiveCfg = Debug|Any CPU
		{03AED94E-DBCD-49ED-8A26-7DF0BE28B977}.Debug|x64.Build.0 = Debug|Any CPU
		{03AED94E-DBCD-49ED-8A26-7DF0BE28B977}.Debug|x86.ActiveCfg = Debug|Any CPU
		{03AED94E-DBCD-49ED-8A26-7DF0BE28B977}.Debug|x86.Build.0 = Debug|Any CPU
		{03AED94E-DBCD-49ED-8A26-7DF0BE28B977}.Release|Any CPU.ActiveCfg = Release|Any CPU
		{03AED94E-DBCD-49ED-8A26-7DF0BE28B977}.Release|Any CPU.Build.0 = Release|Any CPU
		{03AED94E-DBCD-49ED-8A26-7DF0BE28B977}.Release|ARM.ActiveCfg = Release|Any CPU
		{03AED94E-DBCD-49ED-8A26-7DF0BE28B977}.Release|ARM.Build.0 = Release|Any CPU
		{03AED94E-DBCD-49ED-8A26-7DF0BE28B977}.Release|Mixed Platforms.ActiveCfg = Release|Any CPU
		{03AED94E-DBCD-49ED-8A26-7DF0BE28B977}.Release|Mixed Platforms.Build.0 = Release|Any CPU
		{03AED94E-DBCD-49ED-8A26-7DF0BE28B977}.Release|Win32.ActiveCfg = Release|Any CPU
		{03AED94E-DBCD-49ED-8A26-7DF0BE28B977}.Release|Win32.Build.0 = Release|Any CPU
		{03AED94E-DBCD-49ED-8A26-7DF0BE28B977}.Release|x64.ActiveCfg = Release|Any CPU
		{03AED94E-DBCD-49ED-8A26-7DF0BE28B977}.Release|x64.Build.0 = Release|Any CPU
		{03AED94E-DBCD-49ED-8A26-7DF0BE28B977}.Release|x86.ActiveCfg = Release|Any CPU
		{03AED94E-DBCD-49ED-8A26-7DF0BE28B977}.Release|x86.Build.0 = Release|Any CPU
		{03AED94E-DBCD-49ED-8A26-7DF0BE28B977}.version_release|Any CPU.ActiveCfg = Release|Any CPU
		{03AED94E-DBCD-49ED-8A26-7DF0BE28B977}.version_release|Any CPU.Build.0 = Release|Any CPU
		{03AED94E-DBCD-49ED-8A26-7DF0BE28B977}.version_release|ARM.ActiveCfg = Release|Any CPU
		{03AED94E-DBCD-49ED-8A26-7DF0BE28B977}.version_release|ARM.Build.0 = Release|Any CPU
		{03AED94E-DBCD-49ED-8A26-7DF0BE28B977}.version_release|Mixed Platforms.ActiveCfg = Release|Any CPU
		{03AED94E-DBCD-49ED-8A26-7DF0BE28B977}.version_release|Mixed Platforms.Build.0 = Release|Any CPU
		{03AED94E-DBCD-49ED-8A26-7DF0BE28B977}.version_release|Win32.ActiveCfg = Release|Any CPU
		{03AED94E-DBCD-49ED-8A26-7DF0BE28B977}.version_release|Win32.Build.0 = Release|Any CPU
		{03AED94E-DBCD-49ED-8A26-7DF0BE28B977}.version_release|x64.ActiveCfg = Release|Any CPU
		{03AED94E-DBCD-49ED-8A26-7DF0BE28B977}.version_release|x64.Build.0 = Release|Any CPU
		{03AED94E-DBCD-49ED-8A26-7DF0BE28B977}.version_release|x86.ActiveCfg = Release|Any CPU
		{03AED94E-DBCD-49ED-8A26-7DF0BE28B977}.version_release|x86.Build.0 = Release|Any CPU
		{03AED94E-DBCD-49ED-8A26-7DF0BE28B977}.ws2_32_release|Any CPU.ActiveCfg = Release|Any CPU
		{03AED94E-DBCD-49ED-8A26-7DF0BE28B977}.ws2_32_release|Any CPU.Build.0 = Release|Any CPU
		{03AED94E-DBCD-49ED-8A26-7DF0BE28B977}.ws2_32_release|ARM.ActiveCfg = Release|Any CPU
		{03AED94E-DBCD-49ED-8A26-7DF0BE28B977}.ws2_32_release|ARM.Build.0 = Release|Any CPU
		{03AED94E-DBCD-49ED-8A26-7DF0BE28B977}.ws2_32_release|Mixed Platforms.ActiveCfg = Release|Any CPU
		{03AED94E-DBCD-49ED-8A26-7DF0BE28B977}.ws2_32_release|Mixed Platforms.Build.0 = Release|Any CPU
		{03AED94E-DBCD-49ED-8A26-7DF0BE28B977}.ws2_32_release|Win32.ActiveCfg = Release|Any CPU
		{03AED94E-DBCD-49ED-8A26-7DF0BE28B977}.ws2_32_release|Win32.Build.0 = Release|Any CPU
		{03AED94E-DBCD-49ED-8A26-7DF0BE28B977}.ws2_32_release|x64.ActiveCfg = Release|Any CPU
		{03AED94E-DBCD-49ED-8A26-7DF0BE28B977}.ws2_32_release|x64.Build.0 = Release|Any CPU
		{03AED94E-DBCD-49ED-8A26-7DF0BE28B977}.ws2_32_release|x86.ActiveCfg = Release|Any CPU
		{03AED94E-DBCD-49ED-8A26-7DF0BE28B977}.ws2_32_release|x86.Build.0 = Release|Any CPU
		{03AED94E-DBCD-49ED-8A26-7DF0BE28B977}.ws2help_release|Any CPU.ActiveCfg = Release|Any CPU
		{03AED94E-DBCD-49ED-8A26-7DF0BE28B977}.ws2help_release|Any CPU.Build.0 = Release|Any CPU
		{03AED94E-DBCD-49ED-8A26-7DF0BE28B977}.ws2help_release|ARM.ActiveCfg = Release|Any CPU
		{03AED94E-DBCD-49ED-8A26-7DF0BE28B977}.ws2help_release|ARM.Build.0 = Release|Any CPU
		{03AED94E-DBCD-49ED-8A26-7DF0BE28B977}.ws2help_release|Mixed Platforms.ActiveCfg = Release|Any CPU
		{03AED94E-DBCD-49ED-8A26-7DF0BE28B977}.ws2help_release|Mixed Platforms.Build.0 = Release|Any CPU
		{03AED94E-DBCD-49ED-8A26-7DF0BE28B977}.ws2help_release|Win32.ActiveCfg = Release|Any CPU
		{03AED94E-DBCD-49ED-8A26-7DF0BE28B977}.ws2help_release|Win32.Build.0 = Release|Any CPU
		{03AED94E-DBCD-49ED-8A26-7DF0BE28B977}.ws2help_release|x64.ActiveCfg = Release|Any CPU
		{03AED94E-DBCD-49ED-8A26-7DF0BE28B977}.ws2help_release|x64.Build.0 = Release|Any CPU
		{03AED94E-DBCD-49ED-8A26-7DF0BE28B977}.ws2help_release|x86.ActiveCfg = Release|Any CPU
		{03AED94E-DBCD-49ED-8A26-7DF0BE28B977}.ws2help_release|x86.Build.0 = Release|Any CPU
		{03AED94E-DBCD-49ED-8A26-7DF0BE28B977}.x64|Any CPU.ActiveCfg = Release|Any CPU
		{03AED94E-DBCD-49ED-8A26-7DF0BE28B977}.x64|ARM.ActiveCfg = Release|Any CPU
		{03AED94E-DBCD-49ED-8A26-7DF0BE28B977}.x64|Mixed Platforms.ActiveCfg = Release|Any CPU
		{03AED94E-DBCD-49ED-8A26-7DF0BE28B977}.x64|Win32.ActiveCfg = Release|Any CPU
		{03AED94E-DBCD-49ED-8A26-7DF0BE28B977}.x64|x64.ActiveCfg = Release|Any CPU
		{03AED94E-DBCD-49ED-8A26-7DF0BE28B977}.x64|x86.ActiveCfg = Release|Any CPU
		{617C11FD-E9AA-424A-BD07-6115A08215CA}.Debug|Any CPU.ActiveCfg = Debug|Win32
		{617C11FD-E9AA-424A-BD07-6115A08215CA}.Debug|ARM.ActiveCfg = Debug|ARM
		{617C11FD-E9AA-424A-BD07-6115A08215CA}.Debug|Mixed Platforms.ActiveCfg = Debug|Win32
		{617C11FD-E9AA-424A-BD07-6115A08215CA}.Debug|Mixed Platforms.Build.0 = Debug|Win32
		{617C11FD-E9AA-424A-BD07-6115A08215CA}.Debug|Win32.ActiveCfg = Debug|Win32
		{617C11FD-E9AA-424A-BD07-6115A08215CA}.Debug|Win32.Build.0 = Debug|Win32
		{617C11FD-E9AA-424A-BD07-6115A08215CA}.Debug|x64.ActiveCfg = Debug|x64
		{617C11FD-E9AA-424A-BD07-6115A08215CA}.Debug|x64.Build.0 = Debug|x64
		{617C11FD-E9AA-424A-BD07-6115A08215CA}.Debug|x86.ActiveCfg = Debug|Win32
		{617C11FD-E9AA-424A-BD07-6115A08215CA}.Debug|x86.Build.0 = Debug|Win32
		{617C11FD-E9AA-424A-BD07-6115A08215CA}.Release|Any CPU.ActiveCfg = Release|Win32
		{617C11FD-E9AA-424A-BD07-6115A08215CA}.Release|ARM.ActiveCfg = Release|ARM
		{617C11FD-E9AA-424A-BD07-6115A08215CA}.Release|Mixed Platforms.ActiveCfg = Release|Win32
		{617C11FD-E9AA-424A-BD07-6115A08215CA}.Release|Mixed Platforms.Build.0 = Release|Win32
		{617C11FD-E9AA-424A-BD07-6115A08215CA}.Release|Win32.ActiveCfg = Release|Win32
		{617C11FD-E9AA-424A-BD07-6115A08215CA}.Release|Win32.Build.0 = Release|Win32
		{617C11FD-E9AA-424A-BD07-6115A08215CA}.Release|x64.ActiveCfg = Release|x64
		{617C11FD-E9AA-424A-BD07-6115A08215CA}.Release|x64.Build.0 = Release|x64
		{617C11FD-E9AA-424A-BD07-6115A08215CA}.Release|x86.ActiveCfg = Release|Win32
		{617C11FD-E9AA-424A-BD07-6115A08215CA}.Release|x86.Build.0 = Release|Win32
		{617C11FD-E9AA-424A-BD07-6115A08215CA}.version_release|Any CPU.ActiveCfg = Release|x64
		{617C11FD-E9AA-424A-BD07-6115A08215CA}.version_release|Any CPU.Build.0 = Release|x64
		{617C11FD-E9AA-424A-BD07-6115A08215CA}.version_release|ARM.ActiveCfg = Release|ARM
		{617C11FD-E9AA-424A-BD07-6115A08215CA}.version_release|ARM.Build.0 = Release|ARM
		{617C11FD-E9AA-424A-BD07-6115A08215CA}.version_release|Mixed Platforms.ActiveCfg = Release|Win32
		{617C11FD-E9AA-424A-BD07-6115A08215CA}.version_release|Mixed Platforms.Build.0 = Release|Win32
		{617C11FD-E9AA-424A-BD07-6115A08215CA}.version_release|Win32.ActiveCfg = Release|Win32
		{617C11FD-E9AA-424A-BD07-6115A08215CA}.version_release|Win32.Build.0 = Release|Win32
		{617C11FD-E9AA-424A-BD07-6115A08215CA}.version_release|x64.ActiveCfg = Release|x64
		{617C11FD-E9AA-424A-BD07-6115A08215CA}.version_release|x64.Build.0 = Release|x64
		{617C11FD-E9AA-424A-BD07-6115A08215CA}.version_release|x86.ActiveCfg = Release|Win32
		{617C11FD-E9AA-424A-BD07-6115A08215CA}.version_release|x86.Build.0 = Release|Win32
		{617C11FD-E9AA-424A-BD07-6115A08215CA}.ws2_32_release|Any CPU.ActiveCfg = Release|x64
		{617C11FD-E9AA-424A-BD07-6115A08215CA}.ws2_32_release|Any CPU.Build.0 = Release|x64
		{617C11FD-E9AA-424A-BD07-6115A08215CA}.ws2_32_release|ARM.ActiveCfg = Release|ARM
		{617C11FD-E9AA-424A-BD07-6115A08215CA}.ws2_32_release|ARM.Build.0 = Release|ARM
		{617C11FD-E9AA-424A-BD07-6115A08215CA}.ws2_32_release|Mixed Platforms.ActiveCfg = Release|Win32
		{617C11FD-E9AA-424A-BD07-6115A08215CA}.ws2_32_release|Mixed Platforms.Build.0 = Release|Win32
		{617C11FD-E9AA-424A-BD07-6115A08215CA}.ws2_32_release|Win32.ActiveCfg = Release|Win32
		{617C11FD-E9AA-424A-BD07-6115A08215CA}.ws2_32_release|Win32.Build.0 = Release|Win32
		{617C11FD-E9AA-424A-BD07-6115A08215CA}.ws2_32_release|x64.ActiveCfg = Release|x64
		{617C11FD-E9AA-424A-BD07-6115A08215CA}.ws2_32_release|x64.Build.0 = Release|x64
		{617C11FD-E9AA-424A-BD07-6115A08215CA}.ws2_32_release|x86.ActiveCfg = Release|Win32
		{617C11FD-E9AA-424A-BD07-6115A08215CA}.ws2_32_release|x86.Build.0 = Release|Win32
		{617C11FD-E9AA-424A-BD07-6115A08215CA}.ws2help_release|Any CPU.ActiveCfg = Release|x64
		{617C11FD-E9AA-424A-BD07-6115A08215CA}.ws2help_release|Any CPU.Build.0 = Release|x64
		{617C11FD-E9AA-424A-BD07-6115A08215CA}.ws2help_release|ARM.ActiveCfg = Release|ARM
		{617C11FD-E9AA-424A-BD07-6115A08215CA}.ws2help_release|ARM.Build.0 = Release|ARM
		{617C11FD-E9AA-424A-BD07-6115A08215CA}.ws2help_release|Mixed Platforms.ActiveCfg = Release|Win32
		{617C11FD-E9AA-424A-BD07-6115A08215CA}.ws2help_release|Mixed Platforms.Build.0 = Release|Win32
		{617C11FD-E9AA-424A-BD07-6115A08215CA}.ws2help_release|Win32.ActiveCfg = Release|Win32
		{617C11FD-E9AA-424A-BD07-6115A08215CA}.ws2help_release|Win32.Build.0 = Release|Win32
		{617C11FD-E9AA-424A-BD07-6115A08215CA}.ws2help_release|x64.ActiveCfg = Release|x64
		{617C11FD-E9AA-424A-BD07-6115A08215CA}.ws2help_release|x64.Build.0 = Release|x64
		{617C11FD-E9AA-424A-BD07-6115A08215CA}.ws2help_release|x86.ActiveCfg = Release|Win32
		{617C11FD-E9AA-424A-BD07-6115A08215CA}.ws2help_release|x86.Build.0 = Release|Win32
		{617C11FD-E9AA-424A-BD07-6115A08215CA}.x64|Any CPU.ActiveCfg = Release|x64
		{617C11FD-E9AA-424A-BD07-6115A08215CA}.x64|ARM.ActiveCfg = Release|ARM
		{617C11FD-E9AA-424A-BD07-6115A08215CA}.x64|Mixed Platforms.ActiveCfg = Release|Win32
		{617C11FD-E9AA-424A-BD07-6115A08215CA}.x64|Win32.ActiveCfg = Release|Win32
		{617C11FD-E9AA-424A-BD07-6115A08215CA}.x64|x64.ActiveCfg = Release|x64
		{617C11FD-E9AA-424A-BD07-6115A08215CA}.x64|x86.ActiveCfg = Release|Win32
		{7842C5A6-9429-4ADE-B3F5-116841F8CDB8}.Debug|Any CPU.ActiveCfg = Debug|Win32
		{7842C5A6-9429-4ADE-B3F5-116841F8CDB8}.Debug|ARM.ActiveCfg = Debug|Win32
		{7842C5A6-9429-4ADE-B3F5-116841F8CDB8}.Debug|Mixed Platforms.ActiveCfg = Debug|Win32
		{7842C5A6-9429-4ADE-B3F5-116841F8CDB8}.Debug|Mixed Platforms.Build.0 = Debug|Win32
		{7842C5A6-9429-4ADE-B3F5-116841F8CDB8}.Debug|Win32.ActiveCfg = Debug|Win32
		{7842C5A6-9429-4ADE-B3F5-116841F8CDB8}.Debug|Win32.Build.0 = Debug|Win32
		{7842C5A6-9429-4ADE-B3F5-116841F8CDB8}.Debug|x64.ActiveCfg = Debug|x64
		{7842C5A6-9429-4ADE-B3F5-116841F8CDB8}.Debug|x64.Build.0 = Debug|x64
		{7842C5A6-9429-4ADE-B3F5-116841F8CDB8}.Debug|x86.ActiveCfg = Debug|Win32
		{7842C5A6-9429-4ADE-B3F5-116841F8CDB8}.Debug|x86.Build.0 = Debug|Win32
		{7842C5A6-9429-4ADE-B3F5-116841F8CDB8}.Release|Any CPU.ActiveCfg = Release|Win32
		{7842C5A6-9429-4ADE-B3F5-116841F8CDB8}.Release|ARM.ActiveCfg = Release|Win32
		{7842C5A6-9429-4ADE-B3F5-116841F8CDB8}.Release|Mixed Platforms.ActiveCfg = Release|Win32
		{7842C5A6-9429-4ADE-B3F5-116841F8CDB8}.Release|Mixed Platforms.Build.0 = Release|Win32
		{7842C5A6-9429-4ADE-B3F5-116841F8CDB8}.Release|Win32.ActiveCfg = Release|Win32
		{7842C5A6-9429-4ADE-B3F5-116841F8CDB8}.Release|Win32.Build.0 = Release|Win32
		{7842C5A6-9429-4ADE-B3F5-116841F8CDB8}.Release|x64.ActiveCfg = Release|x64
		{7842C5A6-9429-4ADE-B3F5-116841F8CDB8}.Release|x64.Build.0 = Release|x64
		{7842C5A6-9429-4ADE-B3F5-116841F8CDB8}.Release|x86.ActiveCfg = Release|Win32
		{7842C5A6-9429-4ADE-B3F5-116841F8CDB8}.Release|x86.Build.0 = Release|Win32
		{7842C5A6-9429-4ADE-B3F5-116841F8CDB8}.version_release|Any CPU.ActiveCfg = Release|x64
		{7842C5A6-9429-4ADE-B3F5-116841F8CDB8}.version_release|Any CPU.Build.0 = Release|x64
		{7842C5A6-9429-4ADE-B3F5-116841F8CDB8}.version_release|ARM.ActiveCfg = Release|x64
		{7842C5A6-9429-4ADE-B3F5-116841F8CDB8}.version_release|ARM.Build.0 = Release|x64
		{7842C5A6-9429-4ADE-B3F5-116841F8CDB8}.version_release|Mixed Platforms.ActiveCfg = Release|Win32
		{7842C5A6-9429-4ADE-B3F5-116841F8CDB8}.version_release|Mixed Platforms.Build.0 = Release|Win32
		{7842C5A6-9429-4ADE-B3F5-116841F8CDB8}.version_release|Win32.ActiveCfg = Release|Win32
		{7842C5A6-9429-4ADE-B3F5-116841F8CDB8}.version_release|Win32.Build.0 = Release|Win32
		{7842C5A6-9429-4ADE-B3F5-116841F8CDB8}.version_release|x64.ActiveCfg = Release|x64
		{7842C5A6-9429-4ADE-B3F5-116841F8CDB8}.version_release|x64.Build.0 = Release|x64
		{7842C5A6-9429-4ADE-B3F5-116841F8CDB8}.version_release|x86.ActiveCfg = Release|Win32
		{7842C5A6-9429-4ADE-B3F5-116841F8CDB8}.version_release|x86.Build.0 = Release|Win32
		{7842C5A6-9429-4ADE-B3F5-116841F8CDB8}.ws2_32_release|Any CPU.ActiveCfg = Release|x64
		{7842C5A6-9429-4ADE-B3F5-116841F8CDB8}.ws2_32_release|Any CPU.Build.0 = Release|x64
		{7842C5A6-9429-4ADE-B3F5-116841F8CDB8}.ws2_32_release|ARM.ActiveCfg = Release|x64
		{7842C5A6-9429-4ADE-B3F5-116841F8CDB8}.ws2_32_release|ARM.Build.0 = Release|x64
		{7842C5A6-9429-4ADE-B3F5-116841F8CDB8}.ws2_32_release|Mixed Platforms.ActiveCfg = Release|Win32
		{7842C5A6-9429-4ADE-B3F5-116841F8CDB8}.ws2_32_release|Mixed Platforms.Build.0 = Release|Win32
		{7842C5A6-9429-4ADE-B3F5-116841F8CDB8}.ws2_32_release|Win32.ActiveCfg = Release|Win32
		{7842C5A6-9429-4ADE-B3F5-116841F8CDB8}.ws2_32_release|Win32.Build.0 = Release|Win32
		{7842C5A6-9429-4ADE-B3F5-116841F8CDB8}.ws2_32_release|x64.ActiveCfg = Release|x64
		{7842C5A6-9429-4ADE-B3F5-116841F8CDB8}.ws2_32_release|x64.Build.0 = Release|x64
		{7842C5A6-9429-4ADE-B3F5-116841F8CDB8}.ws2_32_release|x86.ActiveCfg = Release|Win32
		{7842C5A6-9429-4ADE-B3F5-116841F8CDB8}.ws2_32_release|x86.Build.0 = Release|Win32
		{7842C5A6-9429-4ADE-B3F5-116841F8CDB8}.ws2help_release|Any CPU.ActiveCfg = Release|x64
		{7842C5A6-9429-4ADE-B3F5-116841F8CDB8}.ws2help_release|Any CPU.Build.0 = Release|x64
		{7842C5A6-9429-4ADE-B3F5-116841F8CDB8}.ws2help_release|ARM.ActiveCfg = Release|x64
		{7842C5A6-9429-4ADE-B3F5-116841F8CDB8}.ws2help_release|ARM.Build.0 = Release|x64
		{7842C5A6-9429-4ADE-B3F5-116841F8CDB8}.ws2help_release|Mixed Platforms.ActiveCfg = Release|Win32
		{7842C5A6-9429-4ADE-B3F5-116841F8CDB8}.ws2help_release|Mixed Platforms.Build.0 = Release|Win32
		{7842C5A6-9429-4ADE-B3F5-116841F8CDB8}.ws2help_release|Win32.ActiveCfg = Release|Win32
		{7842C5A6-9429-4ADE-B3F5-116841F8CDB8}.ws2help_release|Win32.Build.0 = Release|Win32
		{7842C5A6-9429-4ADE-B3F5-116841F8CDB8}.ws2help_release|x64.ActiveCfg = Release|x64
		{7842C5A6-9429-4ADE-B3F5-116841F8CDB8}.ws2help_release|x64.Build.0 = Release|x64
		{7842C5A6-9429-4ADE-B3F5-116841F8CDB8}.ws2help_release|x86.ActiveCfg = Release|Win32
		{7842C5A6-9429-4ADE-B3F5-116841F8CDB8}.ws2help_release|x86.Build.0 = Release|Win32
		{7842C5A6-9429-4ADE-B3F5-116841F8CDB8}.x64|Any CPU.ActiveCfg = Release|x64
		{7842C5A6-9429-4ADE-B3F5-116841F8CDB8}.x64|ARM.ActiveCfg = Release|x64
		{7842C5A6-9429-4ADE-B3F5-116841F8CDB8}.x64|Mixed Platforms.ActiveCfg = Release|Win32
		{7842C5A6-9429-4ADE-B3F5-116841F8CDB8}.x64|Win32.ActiveCfg = Release|Win32
		{7842C5A6-9429-4ADE-B3F5-116841F8CDB8}.x64|x64.ActiveCfg = Release|x64
		{7842C5A6-9429-4ADE-B3F5-116841F8CDB8}.x64|x86.ActiveCfg = Release|Win32
		{6C42DE54-478B-4AEC-AD17-56A1EBBC4399}.Debug|Any CPU.ActiveCfg = Debug|Win32
		{6C42DE54-478B-4AEC-AD17-56A1EBBC4399}.Debug|ARM.ActiveCfg = Debug|Win32
		{6C42DE54-478B-4AEC-AD17-56A1EBBC4399}.Debug|Mixed Platforms.ActiveCfg = Debug|Win32
		{6C42DE54-478B-4AEC-AD17-56A1EBBC4399}.Debug|Mixed Platforms.Build.0 = Debug|Win32
		{6C42DE54-478B-4AEC-AD17-56A1EBBC4399}.Debug|Win32.ActiveCfg = Debug|Win32
		{6C42DE54-478B-4AEC-AD17-56A1EBBC4399}.Debug|Win32.Build.0 = Debug|Win32
		{6C42DE54-478B-4AEC-AD17-56A1EBBC4399}.Debug|x64.ActiveCfg = Debug|x64
		{6C42DE54-478B-4AEC-AD17-56A1EBBC4399}.Debug|x64.Build.0 = Debug|x64
		{6C42DE54-478B-4AEC-AD17-56A1EBBC4399}.Debug|x86.ActiveCfg = Debug|Win32
		{6C42DE54-478B-4AEC-AD17-56A1EBBC4399}.Debug|x86.Build.0 = Debug|Win32
		{6C42DE54-478B-4AEC-AD17-56A1EBBC4399}.Release|Any CPU.ActiveCfg = Release|Win32
		{6C42DE54-478B-4AEC-AD17-56A1EBBC4399}.Release|ARM.ActiveCfg = Release|Win32
		{6C42DE54-478B-4AEC-AD17-56A1EBBC4399}.Release|Mixed Platforms.ActiveCfg = Release|Win32
		{6C42DE54-478B-4AEC-AD17-56A1EBBC4399}.Release|Mixed Platforms.Build.0 = Release|Win32
		{6C42DE54-478B-4AEC-AD17-56A1EBBC4399}.Release|Win32.ActiveCfg = Release|Win32
		{6C42DE54-478B-4AEC-AD17-56A1EBBC4399}.Release|Win32.Build.0 = Release|Win32
		{6C42DE54-478B-4AEC-AD17-56A1EBBC4399}.Release|x64.ActiveCfg = Release|x64
		{6C42DE54-478B-4AEC-AD17-56A1EBBC4399}.Release|x64.Build.0 = Release|x64
		{6C42DE54-478B-4AEC-AD17-56A1EBBC4399}.Release|x86.ActiveCfg = Release|Win32
		{6C42DE54-478B-4AEC-AD17-56A1EBBC4399}.Release|x86.Build.0 = Release|Win32
		{6C42DE54-478B-4AEC-AD17-56A1EBBC4399}.version_release|Any CPU.ActiveCfg = Release|x64
		{6C42DE54-478B-4AEC-AD17-56A1EBBC4399}.version_release|Any CPU.Build.0 = Release|x64
		{6C42DE54-478B-4AEC-AD17-56A1EBBC4399}.version_release|ARM.ActiveCfg = Release|x64
		{6C42DE54-478B-4AEC-AD17-56A1EBBC4399}.version_release|ARM.Build.0 = Release|x64
		{6C42DE54-478B-4AEC-AD17-56A1EBBC4399}.version_release|Mixed Platforms.ActiveCfg = Release|Win32
		{6C42DE54-478B-4AEC-AD17-56A1EBBC4399}.version_release|Mixed Platforms.Build.0 = Release|Win32
		{6C42DE54-478B-4AEC-AD17-56A1EBBC4399}.version_release|Win32.ActiveCfg = Release|Win32
		{6C42DE54-478B-4AEC-AD17-56A1EBBC4399}.version_release|Win32.Build.0 = Release|Win32
		{6C42DE54-478B-4AEC-AD17-56A1EBBC4399}.version_release|x64.ActiveCfg = Release|x64
		{6C42DE54-478B-4AEC-AD17-56A1EBBC4399}.version_release|x64.Build.0 = Release|x64
		{6C42DE54-478B-4AEC-AD17-56A1EBBC4399}.version_release|x86.ActiveCfg = Release|Win32
		{6C42DE54-478B-4AEC-AD17-56A1EBBC4399}.version_release|x86.Build.0 = Release|Win32
		{6C42DE54-478B-4AEC-AD17-56A1EBBC4399}.ws2_32_release|Any CPU.ActiveCfg = Release|x64
		{6C42DE54-478B-4AEC-AD17-56A1EBBC4399}.ws2_32_release|Any CPU.Build.0 = Release|x64
		{6C42DE54-478B-4AEC-AD17-56A1EBBC4399}.ws2_32_release|ARM.ActiveCfg = Release|x64
		{6C42DE54-478B-4AEC-AD17-56A1EBBC4399}.ws2_32_release|ARM.Build.0 = Release|x64
		{6C42DE54-478B-4AEC-AD17-56A1EBBC4399}.ws2_32_release|Mixed Platforms.ActiveCfg = Release|Win32
		{6C42DE54-478B-4AEC-AD17-56A1EBBC4399}.ws2_32_release|Mixed Platforms.Build.0 = Release|Win32
		{6C42DE54-478B-4AEC-AD17-56A1EBBC4399}.ws2_32_release|Win32.ActiveCfg = Release|Win32
		{6C42DE54-478B-4AEC-AD17-56A1EBBC4399}.ws2_32_release|Win32.Build.0 = Release|Win32
		{6C42DE54-478B-4AEC-AD17-56A1EBBC4399}.ws2_32_release|x64.ActiveCfg = Release|x64
		{6C42DE54-478B-4AEC-AD17-56A1EBBC4399}.ws2_32_release|x64.Build.0 = Release|x64
		{6C42DE54-478B-4AEC-AD17-56A1EBBC4399}.ws2_32_release|x86.ActiveCfg = Release|Win32
		{6C42DE54-478B-4AEC-AD17-56A1EBBC4399}.ws2_32_release|x86.Build.0 = Release|Win32
		{6C42DE54-478B-4AEC-AD17-56A1EBBC4399}.ws2help_release|Any CPU.ActiveCfg = Release|x64
		{6C42DE54-478B-4AEC-AD17-56A1EBBC4399}.ws2help_release|Any CPU.Build.0 = Release|x64
		{6C42DE54-478B-4AEC-AD17-56A1EBBC4399}.ws2help_release|ARM.ActiveCfg = Release|x64
		{6C42DE54-478B-4AEC-AD17-56A1EBBC4399}.ws2help_release|ARM.Build.0 = Release|x64
		{6C42DE54-478B-4AEC-AD17-56A1EBBC4399}.ws2help_release|Mixed Platforms.ActiveCfg = Release|Win32
		{6C42DE54-478B-4AEC-AD17-56A1EBBC4399}.ws2help_release|Mixed Platforms.Build.0 = Release|Win32
		{6C42DE54-478B-4AEC-AD17-56A1EBBC4399}.ws2help_release|Win32.ActiveCfg = Release|Win32
		{6C42DE54-478B-4AEC-AD17-56A1EBBC4399}.ws2help_release|Win32.Build.0 = Release|Win32
		{6C42DE54-478B-4AEC-AD17-56A1EBBC4399}.ws2help_release|x64.ActiveCfg = Release|x64
		{6C42DE54-478B-4AEC-AD17-56A1EBBC4399}.ws2help_release|x64.Build.0 = Release|x64
		{6C42DE54-478B-4AEC-AD17-56A1EBBC4399}.ws2help_release|x86.ActiveCfg = Release|Win32
		{6C42DE54-478B-4AEC-AD17-56A1EBBC4399}.ws2help_release|x86.Build.0 = Release|Win32
		{6C42DE54-478B-4AEC-AD17-56A1EBBC4399}.x64|Any CPU.ActiveCfg = Release|x64
		{6C42DE54-478B-4AEC-AD17-56A1EBBC4399}.x64|ARM.ActiveCfg = Release|x64
		{6C42DE54-478B-4AEC-AD17-56A1EBBC4399}.x64|Mixed Platforms.ActiveCfg = Release|Win32
		{6C42DE54-478B-4AEC-AD17-56A1EBBC4399}.x64|Win32.ActiveCfg = Release|Win32
		{6C42DE54-478B-4AEC-AD17-56A1EBBC4399}.x64|x64.ActiveCfg = Release|x64
		{6C42DE54-478B-4AEC-AD17-56A1EBBC4399}.x64|x86.ActiveCfg = Release|Win32
	EndGlobalSection
	GlobalSection(SolutionProperties) = preSolution
		HideSolutionNode = FALSE
	EndGlobalSection
	GlobalSection(NestedProjects) = preSolution
		{1FE0A9AB-CE78-4109-94FC-25806D373846} = {600E798E-1652-4B74-8388-BE09A0DFC607}
		{7B3BE494-B1AE-4341-9D85-2B2399AB3103} = {600E798E-1652-4B74-8388-BE09A0DFC607}
		{BF6C931C-45B4-408D-AA06-2B7CFED07E7F} = {05601417-1470-433B-82DD-EAEED32D58DC}
		{3AC7B746-F6D4-4F9A-ABEC-5EF6211EA566} = {05601417-1470-433B-82DD-EAEED32D58DC}
		{432EE287-D9BA-489C-A26A-09A9F896F61E} = {05601417-1470-433B-82DD-EAEED32D58DC}
		{2233FFB4-B6D6-43BF-BD73-79B4350872F8} = {F2DD7C2A-1062-4A06-8A1D-55CCFB96C19B}
		{E027C65B-A2C7-4262-8711-38CD6ED0C648} = {F2DD7C2A-1062-4A06-8A1D-55CCFB96C19B}
		{B7C03B40-80C8-45BD-8190-E14E0534E74F} = {F2DD7C2A-1062-4A06-8A1D-55CCFB96C19B}
		{03AED94E-DBCD-49ED-8A26-7DF0BE28B977} = {F2DD7C2A-1062-4A06-8A1D-55CCFB96C19B}
		{617C11FD-E9AA-424A-BD07-6115A08215CA} = {F2DD7C2A-1062-4A06-8A1D-55CCFB96C19B}
	EndGlobalSection
EndGlobal
